// !$*UTF8*$!
{
	archiveVersion = 1;
	classes = {
	};
	objectVersion = 42;
	objects = {

/* Begin PBXBuildFile section */
		BA84D05A194B82B400C68A76 /* ofxTCPClient.cpp in Sources */ = {isa = PBXBuildFile; fileRef = BA84D052194B82B400C68A76 /* ofxTCPClient.cpp */; };
		BA84D05B194B82B400C68A76 /* ofxTCPManager.cpp in Sources */ = {isa = PBXBuildFile; fileRef = BA84D054194B82B400C68A76 /* ofxTCPManager.cpp */; };
		BA84D05C194B82B400C68A76 /* ofxTCPServer.cpp in Sources */ = {isa = PBXBuildFile; fileRef = BA84D056194B82B400C68A76 /* ofxTCPServer.cpp */; };
		BA84D05D194B82B400C68A76 /* ofxUDPManager.cpp in Sources */ = {isa = PBXBuildFile; fileRef = BA84D058194B82B400C68A76 /* ofxUDPManager.cpp */; };
		BA9C3859193FCFE100539D60 /* ofxXmlSettings.cpp in Sources */ = {isa = PBXBuildFile; fileRef = BA9C3852193FCFE100539D60 /* ofxXmlSettings.cpp */; };
		BA9C385A193FCFE100539D60 /* tinyxml.cpp in Sources */ = {isa = PBXBuildFile; fileRef = BA9C3855193FCFE100539D60 /* tinyxml.cpp */; };
		BA9C385B193FCFE100539D60 /* tinyxmlerror.cpp in Sources */ = {isa = PBXBuildFile; fileRef = BA9C3857193FCFE100539D60 /* tinyxmlerror.cpp */; };
		BA9C385C193FCFE100539D60 /* tinyxmlparser.cpp in Sources */ = {isa = PBXBuildFile; fileRef = BA9C3858193FCFE100539D60 /* tinyxmlparser.cpp */; };
		BA9C387B193FCFE100539D60 /* ofxEasing.cpp in Sources */ = {isa = PBXBuildFile; fileRef = BA9C3861193FCFE100539D60 /* ofxEasing.cpp */; };
		BA9C387C193FCFE100539D60 /* ofxEasingBack.cpp in Sources */ = {isa = PBXBuildFile; fileRef = BA9C3863193FCFE100539D60 /* ofxEasingBack.cpp */; };
		BA9C387D193FCFE100539D60 /* ofxEasingBounce.cpp in Sources */ = {isa = PBXBuildFile; fileRef = BA9C3865193FCFE100539D60 /* ofxEasingBounce.cpp */; };
		BA9C387E193FCFE100539D60 /* ofxEasingCirc.cpp in Sources */ = {isa = PBXBuildFile; fileRef = BA9C3867193FCFE100539D60 /* ofxEasingCirc.cpp */; };
		BA9C387F193FCFE100539D60 /* ofxEasingCubic.cpp in Sources */ = {isa = PBXBuildFile; fileRef = BA9C3869193FCFE100539D60 /* ofxEasingCubic.cpp */; };
		BA9C3880193FCFE100539D60 /* ofxEasingElastic.cpp in Sources */ = {isa = PBXBuildFile; fileRef = BA9C386B193FCFE100539D60 /* ofxEasingElastic.cpp */; };
		BA9C3881193FCFE100539D60 /* ofxEasingExpo.cpp in Sources */ = {isa = PBXBuildFile; fileRef = BA9C386D193FCFE100539D60 /* ofxEasingExpo.cpp */; };
		BA9C3882193FCFE100539D60 /* ofxEasingLinear.cpp in Sources */ = {isa = PBXBuildFile; fileRef = BA9C386F193FCFE100539D60 /* ofxEasingLinear.cpp */; };
		BA9C3883193FCFE100539D60 /* ofxEasingQuad.cpp in Sources */ = {isa = PBXBuildFile; fileRef = BA9C3871193FCFE100539D60 /* ofxEasingQuad.cpp */; };
		BA9C3884193FCFE100539D60 /* ofxEasingQuart.cpp in Sources */ = {isa = PBXBuildFile; fileRef = BA9C3873193FCFE100539D60 /* ofxEasingQuart.cpp */; };
		BA9C3885193FCFE100539D60 /* ofxEasingQuint.cpp in Sources */ = {isa = PBXBuildFile; fileRef = BA9C3875193FCFE100539D60 /* ofxEasingQuint.cpp */; };
		BA9C3886193FCFE100539D60 /* ofxEasingSine.cpp in Sources */ = {isa = PBXBuildFile; fileRef = BA9C3877193FCFE100539D60 /* ofxEasingSine.cpp */; };
		BA9C3887193FCFE100539D60 /* ofxTween.cpp in Sources */ = {isa = PBXBuildFile; fileRef = BA9C3879193FCFE100539D60 /* ofxTween.cpp */; };
		BA9C388F193FCFE100539D60 /* ofxMSATimer.cpp in Sources */ = {isa = PBXBuildFile; fileRef = BA9C388D193FCFE100539D60 /* ofxMSATimer.cpp */; };
		BA9C3894193FCFE100539D60 /* ofxTimecode.cpp in Sources */ = {isa = PBXBuildFile; fileRef = BA9C3892193FCFE100539D60 /* ofxTimecode.cpp */; };
		BA9C389A193FCFE100539D60 /* ofxTextInputField.cpp in Sources */ = {isa = PBXBuildFile; fileRef = BA9C3897193FCFE100539D60 /* ofxTextInputField.cpp */; };
		BAB41552195B0B2A00C5583B /* ofxUIBaseDraws.cpp in Sources */ = {isa = PBXBuildFile; fileRef = BAB414F7195B0B2A00C5583B /* ofxUIBaseDraws.cpp */; };
		BAB41553195B0B2A00C5583B /* ofxUIBiLabelSlider.cpp in Sources */ = {isa = PBXBuildFile; fileRef = BAB414F9195B0B2A00C5583B /* ofxUIBiLabelSlider.cpp */; };
		BAB41554195B0B2A00C5583B /* ofxUIButton.cpp in Sources */ = {isa = PBXBuildFile; fileRef = BAB414FB195B0B2A00C5583B /* ofxUIButton.cpp */; };
		BAB41555195B0B2A00C5583B /* ofxUICanvas.cpp in Sources */ = {isa = PBXBuildFile; fileRef = BAB414FD195B0B2A00C5583B /* ofxUICanvas.cpp */; };
		BAB41557195B0B2A00C5583B /* ofxUIDragableLabelButton.cpp in Sources */ = {isa = PBXBuildFile; fileRef = BAB41502195B0B2A00C5583B /* ofxUIDragableLabelButton.cpp */; };
		BAB41558195B0B2A00C5583B /* ofxUIDropDownList.cpp in Sources */ = {isa = PBXBuildFile; fileRef = BAB41504195B0B2A00C5583B /* ofxUIDropDownList.cpp */; };
		BAB41559195B0B2A00C5583B /* ofxUIEventArgs.cpp in Sources */ = {isa = PBXBuildFile; fileRef = BAB41506195B0B2A00C5583B /* ofxUIEventArgs.cpp */; };
		BAB4155A195B0B2A00C5583B /* ofxUIFPS.cpp in Sources */ = {isa = PBXBuildFile; fileRef = BAB41508195B0B2A00C5583B /* ofxUIFPS.cpp */; };
		BAB4155B195B0B2A00C5583B /* ofxUIFPSSlider.cpp in Sources */ = {isa = PBXBuildFile; fileRef = BAB4150A195B0B2A00C5583B /* ofxUIFPSSlider.cpp */; };
		BAB41561195B0B2A00C5583B /* ofxUILabel.cpp in Sources */ = {isa = PBXBuildFile; fileRef = BAB41516195B0B2A00C5583B /* ofxUILabel.cpp */; };
		BAB41562195B0B2A00C5583B /* ofxUILabelButton.cpp in Sources */ = {isa = PBXBuildFile; fileRef = BAB41518195B0B2A00C5583B /* ofxUILabelButton.cpp */; };
		BAB41563195B0B2A00C5583B /* ofxUILabelToggle.cpp in Sources */ = {isa = PBXBuildFile; fileRef = BAB4151A195B0B2A00C5583B /* ofxUILabelToggle.cpp */; };
		BAB41564195B0B2A00C5583B /* ofxUIMinimalSlider.cpp in Sources */ = {isa = PBXBuildFile; fileRef = BAB4151C195B0B2A00C5583B /* ofxUIMinimalSlider.cpp */; };
		BAB4156A195B0B2A00C5583B /* ofxUIRangeSlider.cpp in Sources */ = {isa = PBXBuildFile; fileRef = BAB41529195B0B2A00C5583B /* ofxUIRangeSlider.cpp */; };
		BAB4156B195B0B2A00C5583B /* ofxUIRectangle.cpp in Sources */ = {isa = PBXBuildFile; fileRef = BAB4152B195B0B2A00C5583B /* ofxUIRectangle.cpp */; };
		BAB4156D195B0B2A00C5583B /* ofxUIScrollableCanvas.cpp in Sources */ = {isa = PBXBuildFile; fileRef = BAB4152F195B0B2A00C5583B /* ofxUIScrollableCanvas.cpp */; };
		BAB4156E195B0B2A00C5583B /* ofxUISlider.cpp in Sources */ = {isa = PBXBuildFile; fileRef = BAB41531195B0B2A00C5583B /* ofxUISlider.cpp */; };
		BAB4156F195B0B2A00C5583B /* ofxUISortableList.cpp in Sources */ = {isa = PBXBuildFile; fileRef = BAB41533195B0B2A00C5583B /* ofxUISortableList.cpp */; };
		BAB41570195B0B2A00C5583B /* ofxUISpacer.cpp in Sources */ = {isa = PBXBuildFile; fileRef = BAB41535195B0B2A00C5583B /* ofxUISpacer.cpp */; };
		BAB41572195B0B2A00C5583B /* ofxUISuperCanvas.cpp in Sources */ = {isa = PBXBuildFile; fileRef = BAB41539195B0B2A00C5583B /* ofxUISuperCanvas.cpp */; };
		BAB41573195B0B2A00C5583B /* ofxUITabBar.cpp in Sources */ = {isa = PBXBuildFile; fileRef = BAB4153B195B0B2A00C5583B /* ofxUITabBar.cpp */; };
		BAB41574195B0B2A00C5583B /* ofxUITextArea.cpp in Sources */ = {isa = PBXBuildFile; fileRef = BAB4153D195B0B2A00C5583B /* ofxUITextArea.cpp */; };
		BAB41575195B0B2A00C5583B /* ofxUITextInput.cpp in Sources */ = {isa = PBXBuildFile; fileRef = BAB4153F195B0B2A00C5583B /* ofxUITextInput.cpp */; };
		BAB41576195B0B2A00C5583B /* ofxUIToggle.cpp in Sources */ = {isa = PBXBuildFile; fileRef = BAB41541195B0B2A00C5583B /* ofxUIToggle.cpp */; };
		BAB41577195B0B2A00C5583B /* ofxUIToggleMatrix.cpp in Sources */ = {isa = PBXBuildFile; fileRef = BAB41543195B0B2A00C5583B /* ofxUIToggleMatrix.cpp */; };
		BAB4157A195B0B2A00C5583B /* ofxUIWidget.cpp in Sources */ = {isa = PBXBuildFile; fileRef = BAB4154A195B0B2A00C5583B /* ofxUIWidget.cpp */; };
		BAB4157B195B0B2A00C5583B /* ofxUIWidgetWithLabel.cpp in Sources */ = {isa = PBXBuildFile; fileRef = BAB4154D195B0B2A00C5583B /* ofxUIWidgetWithLabel.cpp */; };
		BAB4161F195B137300C5583B /* ofxHotKeys_impl_linux.cpp in Sources */ = {isa = PBXBuildFile; fileRef = BAB415B7195B137300C5583B /* ofxHotKeys_impl_linux.cpp */; };
		BAB41620195B137300C5583B /* ofxHotKeys_impl_mac.mm in Sources */ = {isa = PBXBuildFile; fileRef = BAB415B8195B137300C5583B /* ofxHotKeys_impl_mac.mm */; };
		BAB41621195B137300C5583B /* ofxHotKeys_impl_win.cpp in Sources */ = {isa = PBXBuildFile; fileRef = BAB415B9195B137300C5583B /* ofxHotKeys_impl_win.cpp */; };
		BAB41622195B137300C5583B /* ofxRemoveCocoaMenu.mm in Sources */ = {isa = PBXBuildFile; fileRef = BAB415BB195B137300C5583B /* ofxRemoveCocoaMenu.mm */; };
		BAB41623195B137300C5583B /* ofxTimeline.cpp in Sources */ = {isa = PBXBuildFile; fileRef = BAB415BC195B137300C5583B /* ofxTimeline.cpp */; };
		BAB41625195B137300C5583B /* ofxTLBangs.cpp in Sources */ = {isa = PBXBuildFile; fileRef = BAB415C0195B137300C5583B /* ofxTLBangs.cpp */; };
		BAB41629195B137300C5583B /* ofxTLCurves.cpp in Sources */ = {isa = PBXBuildFile; fileRef = BAB415C8195B137300C5583B /* ofxTLCurves.cpp */; };
		BAB4162A195B137300C5583B /* ofxTLEmptyKeyframes.cpp in Sources */ = {isa = PBXBuildFile; fileRef = BAB415CA195B137300C5583B /* ofxTLEmptyKeyframes.cpp */; };
		BAB4162B195B137300C5583B /* ofxTLEmptyTrack.cpp in Sources */ = {isa = PBXBuildFile; fileRef = BAB415CC195B137300C5583B /* ofxTLEmptyTrack.cpp */; };
		BAB4162C195B137300C5583B /* ofxTLFlags.cpp in Sources */ = {isa = PBXBuildFile; fileRef = BAB415CF195B137300C5583B /* ofxTLFlags.cpp */; };
		BAB41630195B137300C5583B /* ofxTLInOut.cpp in Sources */ = {isa = PBXBuildFile; fileRef = BAB415D7195B137300C5583B /* ofxTLInOut.cpp */; };
		BAB41631195B137300C5583B /* ofxTLKeyframes.cpp in Sources */ = {isa = PBXBuildFile; fileRef = BAB415D9195B137300C5583B /* ofxTLKeyframes.cpp */; };
		BAB41633195B137300C5583B /* ofxTLPage.cpp in Sources */ = {isa = PBXBuildFile; fileRef = BAB415DD195B137300C5583B /* ofxTLPage.cpp */; };
		BAB41634195B137300C5583B /* ofxTLPageTabs.cpp in Sources */ = {isa = PBXBuildFile; fileRef = BAB415DF195B137300C5583B /* ofxTLPageTabs.cpp */; };
		BAB41635195B137300C5583B /* ofxTLSwitches.cpp in Sources */ = {isa = PBXBuildFile; fileRef = BAB415E1195B137300C5583B /* ofxTLSwitches.cpp */; };
		BAB41636195B137300C5583B /* ofxTLTicker.cpp in Sources */ = {isa = PBXBuildFile; fileRef = BAB415E3195B137300C5583B /* ofxTLTicker.cpp */; };
		BAB41637195B137300C5583B /* ofxTLTrack.cpp in Sources */ = {isa = PBXBuildFile; fileRef = BAB415E5195B137300C5583B /* ofxTLTrack.cpp */; };
		BAB41638195B137300C5583B /* ofxTLTrackHeader.cpp in Sources */ = {isa = PBXBuildFile; fileRef = BAB415E7195B137300C5583B /* ofxTLTrackHeader.cpp */; };
		BAB4163B195B137300C5583B /* ofxTLZoomer.cpp in Sources */ = {isa = PBXBuildFile; fileRef = BAB415ED195B137300C5583B /* ofxTLZoomer.cpp */; };
		BAB4163C195B137300C5583B /* kiss_fft.c in Sources */ = {isa = PBXBuildFile; fileRef = BAB415F6195B137300C5583B /* kiss_fft.c */; };
		BAB4163D195B137300C5583B /* kiss_fftr.c in Sources */ = {isa = PBXBuildFile; fileRef = BAB415F7195B137300C5583B /* kiss_fftr.c */; };
		BAB4163E195B137300C5583B /* ofOpenALSoundPlayer_TimelineAdditions.cpp in Sources */ = {isa = PBXBuildFile; fileRef = BAB415FA195B137300C5583B /* ofOpenALSoundPlayer_TimelineAdditions.cpp */; };
		BAB4163F195B137300C5583B /* EFX-Util.lib in Frameworks */ = {isa = PBXBuildFile; fileRef = BAB41608195B137300C5583B /* EFX-Util.lib */; };
		BAB41640195B137300C5583B /* EFX-Util.lib in Frameworks */ = {isa = PBXBuildFile; fileRef = BAB4160A195B137300C5583B /* EFX-Util.lib */; };
		BAB41641195B137300C5583B /* OpenAL32.lib in Frameworks */ = {isa = PBXBuildFile; fileRef = BAB4160B195B137300C5583B /* OpenAL32.lib */; };
		BAB41642195B137300C5583B /* EFX-Util.lib in Frameworks */ = {isa = PBXBuildFile; fileRef = BAB4160E195B137300C5583B /* EFX-Util.lib */; };
		BAB41643195B137300C5583B /* EFX-Util.lib in Frameworks */ = {isa = PBXBuildFile; fileRef = BAB41610195B137300C5583B /* EFX-Util.lib */; };
		BAB41644195B137300C5583B /* OpenAL32.lib in Frameworks */ = {isa = PBXBuildFile; fileRef = BAB41611195B137300C5583B /* OpenAL32.lib */; };
		BAB41645195B137300C5583B /* libsndfile.a in Frameworks */ = {isa = PBXBuildFile; fileRef = BAB41618195B137300C5583B /* libsndfile.a */; };
		BAB41693195B1A3500C5583B /* ofxTLColors.cpp in Sources */ = {isa = PBXBuildFile; fileRef = BAB41691195B1A3500C5583B /* ofxTLColors.cpp */; };
		BBAB23CB13894F3D00AA2426 /* GLUT.framework in CopyFiles */ = {isa = PBXBuildFile; fileRef = BBAB23BE13894E4700AA2426 /* GLUT.framework */; };
		E4328149138ABC9F0047C5CB /* openFrameworksDebug.a in Frameworks */ = {isa = PBXBuildFile; fileRef = E4328148138ABC890047C5CB /* openFrameworksDebug.a */; };
		E45BE97B0E8CC7DD009D7055 /* AGL.framework in Frameworks */ = {isa = PBXBuildFile; fileRef = E45BE9710E8CC7DD009D7055 /* AGL.framework */; };
		E45BE97C0E8CC7DD009D7055 /* ApplicationServices.framework in Frameworks */ = {isa = PBXBuildFile; fileRef = E45BE9720E8CC7DD009D7055 /* ApplicationServices.framework */; };
		E45BE97D0E8CC7DD009D7055 /* AudioToolbox.framework in Frameworks */ = {isa = PBXBuildFile; fileRef = E45BE9730E8CC7DD009D7055 /* AudioToolbox.framework */; };
		E45BE97E0E8CC7DD009D7055 /* Carbon.framework in Frameworks */ = {isa = PBXBuildFile; fileRef = E45BE9740E8CC7DD009D7055 /* Carbon.framework */; };
		E45BE97F0E8CC7DD009D7055 /* CoreAudio.framework in Frameworks */ = {isa = PBXBuildFile; fileRef = E45BE9750E8CC7DD009D7055 /* CoreAudio.framework */; };
		E45BE9800E8CC7DD009D7055 /* CoreFoundation.framework in Frameworks */ = {isa = PBXBuildFile; fileRef = E45BE9760E8CC7DD009D7055 /* CoreFoundation.framework */; };
		E45BE9810E8CC7DD009D7055 /* CoreServices.framework in Frameworks */ = {isa = PBXBuildFile; fileRef = E45BE9770E8CC7DD009D7055 /* CoreServices.framework */; };
		E45BE9830E8CC7DD009D7055 /* OpenGL.framework in Frameworks */ = {isa = PBXBuildFile; fileRef = E45BE9790E8CC7DD009D7055 /* OpenGL.framework */; };
		E45BE9840E8CC7DD009D7055 /* QuickTime.framework in Frameworks */ = {isa = PBXBuildFile; fileRef = E45BE97A0E8CC7DD009D7055 /* QuickTime.framework */; };
		E4B69E200A3A1BDC003C02F2 /* main.cpp in Sources */ = {isa = PBXBuildFile; fileRef = E4B69E1D0A3A1BDC003C02F2 /* main.cpp */; };
		E4B69E210A3A1BDC003C02F2 /* testApp.cpp in Sources */ = {isa = PBXBuildFile; fileRef = E4B69E1E0A3A1BDC003C02F2 /* testApp.cpp */; };
		E4C2424710CC5A17004149E2 /* AppKit.framework in Frameworks */ = {isa = PBXBuildFile; fileRef = E4C2424410CC5A17004149E2 /* AppKit.framework */; };
		E4C2424810CC5A17004149E2 /* Cocoa.framework in Frameworks */ = {isa = PBXBuildFile; fileRef = E4C2424510CC5A17004149E2 /* Cocoa.framework */; };
		E4C2424910CC5A17004149E2 /* IOKit.framework in Frameworks */ = {isa = PBXBuildFile; fileRef = E4C2424610CC5A17004149E2 /* IOKit.framework */; };
		E4EB6799138ADC1D00A09F29 /* GLUT.framework in Frameworks */ = {isa = PBXBuildFile; fileRef = BBAB23BE13894E4700AA2426 /* GLUT.framework */; };
		E778AED6163EF5AE003A40B1 /* OpenAL.framework in Frameworks */ = {isa = PBXBuildFile; fileRef = E778AED5163EF5AE003A40B1 /* OpenAL.framework */; };
		E7E077E515D3B63C0020DFD4 /* CoreVideo.framework in Frameworks */ = {isa = PBXBuildFile; fileRef = E7E077E415D3B63C0020DFD4 /* CoreVideo.framework */; };
		E7E077E815D3B6510020DFD4 /* QTKit.framework in Frameworks */ = {isa = PBXBuildFile; fileRef = E7E077E715D3B6510020DFD4 /* QTKit.framework */; };
		E7F985F815E0DEA3003869B5 /* Accelerate.framework in Frameworks */ = {isa = PBXBuildFile; fileRef = E7F985F515E0DE99003869B5 /* Accelerate.framework */; };
/* End PBXBuildFile section */

/* Begin PBXContainerItemProxy section */
		E4328147138ABC890047C5CB /* PBXContainerItemProxy */ = {
			isa = PBXContainerItemProxy;
			containerPortal = E4328143138ABC890047C5CB /* openFrameworksLib.xcodeproj */;
			proxyType = 2;
			remoteGlobalIDString = E4B27C1510CBEB8E00536013;
			remoteInfo = openFrameworks;
		};
		E4EEB9AB138B136A00A80321 /* PBXContainerItemProxy */ = {
			isa = PBXContainerItemProxy;
			containerPortal = E4328143138ABC890047C5CB /* openFrameworksLib.xcodeproj */;
			proxyType = 1;
			remoteGlobalIDString = E4B27C1410CBEB8E00536013;
			remoteInfo = openFrameworks;
		};
/* End PBXContainerItemProxy section */

/* Begin PBXCopyFilesBuildPhase section */
		E4C2427710CC5ABF004149E2 /* CopyFiles */ = {
			isa = PBXCopyFilesBuildPhase;
			buildActionMask = 2147483647;
			dstPath = "";
			dstSubfolderSpec = 10;
			files = (
				BBAB23CB13894F3D00AA2426 /* GLUT.framework in CopyFiles */,
			);
			runOnlyForDeploymentPostprocessing = 0;
		};
/* End PBXCopyFilesBuildPhase section */

/* Begin PBXFileReference section */
		BA84D050194B82B400C68A76 /* ofxNetwork.h */ = {isa = PBXFileReference; lastKnownFileType = sourcecode.c.h; path = ofxNetwork.h; sourceTree = "<group>"; };
		BA84D051194B82B400C68A76 /* ofxNetworkUtils.h */ = {isa = PBXFileReference; lastKnownFileType = sourcecode.c.h; path = ofxNetworkUtils.h; sourceTree = "<group>"; };
		BA84D052194B82B400C68A76 /* ofxTCPClient.cpp */ = {isa = PBXFileReference; lastKnownFileType = sourcecode.cpp.cpp; path = ofxTCPClient.cpp; sourceTree = "<group>"; };
		BA84D053194B82B400C68A76 /* ofxTCPClient.h */ = {isa = PBXFileReference; lastKnownFileType = sourcecode.c.h; path = ofxTCPClient.h; sourceTree = "<group>"; };
		BA84D054194B82B400C68A76 /* ofxTCPManager.cpp */ = {isa = PBXFileReference; lastKnownFileType = sourcecode.cpp.cpp; path = ofxTCPManager.cpp; sourceTree = "<group>"; };
		BA84D055194B82B400C68A76 /* ofxTCPManager.h */ = {isa = PBXFileReference; lastKnownFileType = sourcecode.c.h; path = ofxTCPManager.h; sourceTree = "<group>"; };
		BA84D056194B82B400C68A76 /* ofxTCPServer.cpp */ = {isa = PBXFileReference; lastKnownFileType = sourcecode.cpp.cpp; path = ofxTCPServer.cpp; sourceTree = "<group>"; };
		BA84D057194B82B400C68A76 /* ofxTCPServer.h */ = {isa = PBXFileReference; lastKnownFileType = sourcecode.c.h; path = ofxTCPServer.h; sourceTree = "<group>"; };
		BA84D058194B82B400C68A76 /* ofxUDPManager.cpp */ = {isa = PBXFileReference; lastKnownFileType = sourcecode.cpp.cpp; path = ofxUDPManager.cpp; sourceTree = "<group>"; };
		BA84D059194B82B400C68A76 /* ofxUDPManager.h */ = {isa = PBXFileReference; lastKnownFileType = sourcecode.c.h; path = ofxUDPManager.h; sourceTree = "<group>"; };
		BA9C3852193FCFE100539D60 /* ofxXmlSettings.cpp */ = {isa = PBXFileReference; lastKnownFileType = sourcecode.cpp.cpp; path = ofxXmlSettings.cpp; sourceTree = "<group>"; };
		BA9C3853193FCFE100539D60 /* ofxXmlSettings.h */ = {isa = PBXFileReference; lastKnownFileType = sourcecode.c.h; path = ofxXmlSettings.h; sourceTree = "<group>"; };
		BA9C3855193FCFE100539D60 /* tinyxml.cpp */ = {isa = PBXFileReference; lastKnownFileType = sourcecode.cpp.cpp; path = tinyxml.cpp; sourceTree = "<group>"; };
		BA9C3856193FCFE100539D60 /* tinyxml.h */ = {isa = PBXFileReference; lastKnownFileType = sourcecode.c.h; path = tinyxml.h; sourceTree = "<group>"; };
		BA9C3857193FCFE100539D60 /* tinyxmlerror.cpp */ = {isa = PBXFileReference; lastKnownFileType = sourcecode.cpp.cpp; path = tinyxmlerror.cpp; sourceTree = "<group>"; };
		BA9C3858193FCFE100539D60 /* tinyxmlparser.cpp */ = {isa = PBXFileReference; lastKnownFileType = sourcecode.cpp.cpp; path = tinyxmlparser.cpp; sourceTree = "<group>"; };
		BA9C3860193FCFE100539D60 /* easing_terms_of_use.html */ = {isa = PBXFileReference; lastKnownFileType = text.html; path = easing_terms_of_use.html; sourceTree = "<group>"; };
		BA9C3861193FCFE100539D60 /* ofxEasing.cpp */ = {isa = PBXFileReference; lastKnownFileType = sourcecode.cpp.cpp; path = ofxEasing.cpp; sourceTree = "<group>"; };
		BA9C3862193FCFE100539D60 /* ofxEasing.h */ = {isa = PBXFileReference; lastKnownFileType = sourcecode.c.h; path = ofxEasing.h; sourceTree = "<group>"; };
		BA9C3863193FCFE100539D60 /* ofxEasingBack.cpp */ = {isa = PBXFileReference; lastKnownFileType = sourcecode.cpp.cpp; path = ofxEasingBack.cpp; sourceTree = "<group>"; };
		BA9C3864193FCFE100539D60 /* ofxEasingBack.h */ = {isa = PBXFileReference; lastKnownFileType = sourcecode.c.h; path = ofxEasingBack.h; sourceTree = "<group>"; };
		BA9C3865193FCFE100539D60 /* ofxEasingBounce.cpp */ = {isa = PBXFileReference; lastKnownFileType = sourcecode.cpp.cpp; path = ofxEasingBounce.cpp; sourceTree = "<group>"; };
		BA9C3866193FCFE100539D60 /* ofxEasingBounce.h */ = {isa = PBXFileReference; lastKnownFileType = sourcecode.c.h; path = ofxEasingBounce.h; sourceTree = "<group>"; };
		BA9C3867193FCFE100539D60 /* ofxEasingCirc.cpp */ = {isa = PBXFileReference; lastKnownFileType = sourcecode.cpp.cpp; path = ofxEasingCirc.cpp; sourceTree = "<group>"; };
		BA9C3868193FCFE100539D60 /* ofxEasingCirc.h */ = {isa = PBXFileReference; lastKnownFileType = sourcecode.c.h; path = ofxEasingCirc.h; sourceTree = "<group>"; };
		BA9C3869193FCFE100539D60 /* ofxEasingCubic.cpp */ = {isa = PBXFileReference; lastKnownFileType = sourcecode.cpp.cpp; path = ofxEasingCubic.cpp; sourceTree = "<group>"; };
		BA9C386A193FCFE100539D60 /* ofxEasingCubic.h */ = {isa = PBXFileReference; lastKnownFileType = sourcecode.c.h; path = ofxEasingCubic.h; sourceTree = "<group>"; };
		BA9C386B193FCFE100539D60 /* ofxEasingElastic.cpp */ = {isa = PBXFileReference; lastKnownFileType = sourcecode.cpp.cpp; path = ofxEasingElastic.cpp; sourceTree = "<group>"; };
		BA9C386C193FCFE100539D60 /* ofxEasingElastic.h */ = {isa = PBXFileReference; lastKnownFileType = sourcecode.c.h; path = ofxEasingElastic.h; sourceTree = "<group>"; };
		BA9C386D193FCFE100539D60 /* ofxEasingExpo.cpp */ = {isa = PBXFileReference; lastKnownFileType = sourcecode.cpp.cpp; path = ofxEasingExpo.cpp; sourceTree = "<group>"; };
		BA9C386E193FCFE100539D60 /* ofxEasingExpo.h */ = {isa = PBXFileReference; lastKnownFileType = sourcecode.c.h; path = ofxEasingExpo.h; sourceTree = "<group>"; };
		BA9C386F193FCFE100539D60 /* ofxEasingLinear.cpp */ = {isa = PBXFileReference; lastKnownFileType = sourcecode.cpp.cpp; path = ofxEasingLinear.cpp; sourceTree = "<group>"; };
		BA9C3870193FCFE100539D60 /* ofxEasingLinear.h */ = {isa = PBXFileReference; lastKnownFileType = sourcecode.c.h; path = ofxEasingLinear.h; sourceTree = "<group>"; };
		BA9C3871193FCFE100539D60 /* ofxEasingQuad.cpp */ = {isa = PBXFileReference; lastKnownFileType = sourcecode.cpp.cpp; path = ofxEasingQuad.cpp; sourceTree = "<group>"; };
		BA9C3872193FCFE100539D60 /* ofxEasingQuad.h */ = {isa = PBXFileReference; lastKnownFileType = sourcecode.c.h; path = ofxEasingQuad.h; sourceTree = "<group>"; };
		BA9C3873193FCFE100539D60 /* ofxEasingQuart.cpp */ = {isa = PBXFileReference; lastKnownFileType = sourcecode.cpp.cpp; path = ofxEasingQuart.cpp; sourceTree = "<group>"; };
		BA9C3874193FCFE100539D60 /* ofxEasingQuart.h */ = {isa = PBXFileReference; lastKnownFileType = sourcecode.c.h; path = ofxEasingQuart.h; sourceTree = "<group>"; };
		BA9C3875193FCFE100539D60 /* ofxEasingQuint.cpp */ = {isa = PBXFileReference; lastKnownFileType = sourcecode.cpp.cpp; path = ofxEasingQuint.cpp; sourceTree = "<group>"; };
		BA9C3876193FCFE100539D60 /* ofxEasingQuint.h */ = {isa = PBXFileReference; lastKnownFileType = sourcecode.c.h; path = ofxEasingQuint.h; sourceTree = "<group>"; };
		BA9C3877193FCFE100539D60 /* ofxEasingSine.cpp */ = {isa = PBXFileReference; lastKnownFileType = sourcecode.cpp.cpp; path = ofxEasingSine.cpp; sourceTree = "<group>"; };
		BA9C3878193FCFE100539D60 /* ofxEasingSine.h */ = {isa = PBXFileReference; lastKnownFileType = sourcecode.c.h; path = ofxEasingSine.h; sourceTree = "<group>"; };
		BA9C3879193FCFE100539D60 /* ofxTween.cpp */ = {isa = PBXFileReference; lastKnownFileType = sourcecode.cpp.cpp; path = ofxTween.cpp; sourceTree = "<group>"; };
		BA9C387A193FCFE100539D60 /* ofxTween.h */ = {isa = PBXFileReference; lastKnownFileType = sourcecode.c.h; path = ofxTween.h; sourceTree = "<group>"; };
		BA9C388A193FCFE100539D60 /* ofRange.h */ = {isa = PBXFileReference; lastKnownFileType = sourcecode.c.h; path = ofRange.h; sourceTree = "<group>"; };
		BA9C388D193FCFE100539D60 /* ofxMSATimer.cpp */ = {isa = PBXFileReference; lastKnownFileType = sourcecode.cpp.cpp; path = ofxMSATimer.cpp; sourceTree = "<group>"; };
		BA9C388E193FCFE100539D60 /* ofxMSATimer.h */ = {isa = PBXFileReference; lastKnownFileType = sourcecode.c.h; path = ofxMSATimer.h; sourceTree = "<group>"; };
		BA9C3892193FCFE100539D60 /* ofxTimecode.cpp */ = {isa = PBXFileReference; lastKnownFileType = sourcecode.cpp.cpp; path = ofxTimecode.cpp; sourceTree = "<group>"; };
		BA9C3893193FCFE100539D60 /* ofxTimecode.h */ = {isa = PBXFileReference; lastKnownFileType = sourcecode.c.h; path = ofxTimecode.h; sourceTree = "<group>"; };
		BA9C3897193FCFE100539D60 /* ofxTextInputField.cpp */ = {isa = PBXFileReference; lastKnownFileType = sourcecode.cpp.cpp; path = ofxTextInputField.cpp; sourceTree = "<group>"; };
		BA9C3898193FCFE100539D60 /* ofxTextInputField.h */ = {isa = PBXFileReference; lastKnownFileType = sourcecode.c.h; path = ofxTextInputField.h; sourceTree = "<group>"; };
		BA9C3899193FCFE100539D60 /* ofxTextInputFieldFontRenderer.h */ = {isa = PBXFileReference; lastKnownFileType = sourcecode.c.h; path = ofxTextInputFieldFontRenderer.h; sourceTree = "<group>"; };
		BAB414F2195B0B2A00C5583B /* ofxUI.h */ = {isa = PBXFileReference; lastKnownFileType = sourcecode.c.h; path = ofxUI.h; sourceTree = "<group>"; };
		BAB414F7195B0B2A00C5583B /* ofxUIBaseDraws.cpp */ = {isa = PBXFileReference; lastKnownFileType = sourcecode.cpp.cpp; path = ofxUIBaseDraws.cpp; sourceTree = "<group>"; };
		BAB414F8195B0B2A00C5583B /* ofxUIBaseDraws.h */ = {isa = PBXFileReference; lastKnownFileType = sourcecode.c.h; path = ofxUIBaseDraws.h; sourceTree = "<group>"; };
		BAB414F9195B0B2A00C5583B /* ofxUIBiLabelSlider.cpp */ = {isa = PBXFileReference; lastKnownFileType = sourcecode.cpp.cpp; path = ofxUIBiLabelSlider.cpp; sourceTree = "<group>"; };
		BAB414FA195B0B2A00C5583B /* ofxUIBiLabelSlider.h */ = {isa = PBXFileReference; lastKnownFileType = sourcecode.c.h; path = ofxUIBiLabelSlider.h; sourceTree = "<group>"; };
		BAB414FB195B0B2A00C5583B /* ofxUIButton.cpp */ = {isa = PBXFileReference; lastKnownFileType = sourcecode.cpp.cpp; path = ofxUIButton.cpp; sourceTree = "<group>"; };
		BAB414FC195B0B2A00C5583B /* ofxUIButton.h */ = {isa = PBXFileReference; lastKnownFileType = sourcecode.c.h; path = ofxUIButton.h; sourceTree = "<group>"; };
		BAB414FD195B0B2A00C5583B /* ofxUICanvas.cpp */ = {isa = PBXFileReference; lastKnownFileType = sourcecode.cpp.cpp; path = ofxUICanvas.cpp; sourceTree = "<group>"; };
		BAB414FE195B0B2A00C5583B /* ofxUICanvas.h */ = {isa = PBXFileReference; lastKnownFileType = sourcecode.c.h; path = ofxUICanvas.h; sourceTree = "<group>"; };
		BAB41501195B0B2A00C5583B /* ofxUIDefines.h */ = {isa = PBXFileReference; lastKnownFileType = sourcecode.c.h; path = ofxUIDefines.h; sourceTree = "<group>"; };
		BAB41502195B0B2A00C5583B /* ofxUIDragableLabelButton.cpp */ = {isa = PBXFileReference; lastKnownFileType = sourcecode.cpp.cpp; path = ofxUIDragableLabelButton.cpp; sourceTree = "<group>"; };
		BAB41503195B0B2A00C5583B /* ofxUIDragableLabelButton.h */ = {isa = PBXFileReference; lastKnownFileType = sourcecode.c.h; path = ofxUIDragableLabelButton.h; sourceTree = "<group>"; };
		BAB41504195B0B2A00C5583B /* ofxUIDropDownList.cpp */ = {isa = PBXFileReference; lastKnownFileType = sourcecode.cpp.cpp; path = ofxUIDropDownList.cpp; sourceTree = "<group>"; };
		BAB41505195B0B2A00C5583B /* ofxUIDropDownList.h */ = {isa = PBXFileReference; lastKnownFileType = sourcecode.c.h; path = ofxUIDropDownList.h; sourceTree = "<group>"; };
		BAB41506195B0B2A00C5583B /* ofxUIEventArgs.cpp */ = {isa = PBXFileReference; lastKnownFileType = sourcecode.cpp.cpp; path = ofxUIEventArgs.cpp; sourceTree = "<group>"; };
		BAB41507195B0B2A00C5583B /* ofxUIEventArgs.h */ = {isa = PBXFileReference; lastKnownFileType = sourcecode.c.h; path = ofxUIEventArgs.h; sourceTree = "<group>"; };
		BAB41508195B0B2A00C5583B /* ofxUIFPS.cpp */ = {isa = PBXFileReference; lastKnownFileType = sourcecode.cpp.cpp; path = ofxUIFPS.cpp; sourceTree = "<group>"; };
		BAB41509195B0B2A00C5583B /* ofxUIFPS.h */ = {isa = PBXFileReference; lastKnownFileType = sourcecode.c.h; path = ofxUIFPS.h; sourceTree = "<group>"; };
		BAB4150A195B0B2A00C5583B /* ofxUIFPSSlider.cpp */ = {isa = PBXFileReference; lastKnownFileType = sourcecode.cpp.cpp; path = ofxUIFPSSlider.cpp; sourceTree = "<group>"; };
		BAB4150B195B0B2A00C5583B /* ofxUIFPSSlider.h */ = {isa = PBXFileReference; lastKnownFileType = sourcecode.c.h; path = ofxUIFPSSlider.h; sourceTree = "<group>"; };
		BAB41516195B0B2A00C5583B /* ofxUILabel.cpp */ = {isa = PBXFileReference; lastKnownFileType = sourcecode.cpp.cpp; path = ofxUILabel.cpp; sourceTree = "<group>"; };
		BAB41517195B0B2A00C5583B /* ofxUILabel.h */ = {isa = PBXFileReference; lastKnownFileType = sourcecode.c.h; path = ofxUILabel.h; sourceTree = "<group>"; };
		BAB41518195B0B2A00C5583B /* ofxUILabelButton.cpp */ = {isa = PBXFileReference; lastKnownFileType = sourcecode.cpp.cpp; path = ofxUILabelButton.cpp; sourceTree = "<group>"; };
		BAB41519195B0B2A00C5583B /* ofxUILabelButton.h */ = {isa = PBXFileReference; lastKnownFileType = sourcecode.c.h; path = ofxUILabelButton.h; sourceTree = "<group>"; };
		BAB4151A195B0B2A00C5583B /* ofxUILabelToggle.cpp */ = {isa = PBXFileReference; lastKnownFileType = sourcecode.cpp.cpp; path = ofxUILabelToggle.cpp; sourceTree = "<group>"; };
		BAB4151B195B0B2A00C5583B /* ofxUILabelToggle.h */ = {isa = PBXFileReference; lastKnownFileType = sourcecode.c.h; path = ofxUILabelToggle.h; sourceTree = "<group>"; };
		BAB4151C195B0B2A00C5583B /* ofxUIMinimalSlider.cpp */ = {isa = PBXFileReference; lastKnownFileType = sourcecode.cpp.cpp; path = ofxUIMinimalSlider.cpp; sourceTree = "<group>"; };
		BAB4151D195B0B2A00C5583B /* ofxUIMinimalSlider.h */ = {isa = PBXFileReference; lastKnownFileType = sourcecode.c.h; path = ofxUIMinimalSlider.h; sourceTree = "<group>"; };
		BAB41526195B0B2A00C5583B /* ofxUIOFWrapper.h */ = {isa = PBXFileReference; lastKnownFileType = sourcecode.c.h; path = ofxUIOFWrapper.h; sourceTree = "<group>"; };
		BAB41529195B0B2A00C5583B /* ofxUIRangeSlider.cpp */ = {isa = PBXFileReference; lastKnownFileType = sourcecode.cpp.cpp; path = ofxUIRangeSlider.cpp; sourceTree = "<group>"; };
		BAB4152A195B0B2A00C5583B /* ofxUIRangeSlider.h */ = {isa = PBXFileReference; lastKnownFileType = sourcecode.c.h; path = ofxUIRangeSlider.h; sourceTree = "<group>"; };
		BAB4152B195B0B2A00C5583B /* ofxUIRectangle.cpp */ = {isa = PBXFileReference; lastKnownFileType = sourcecode.cpp.cpp; path = ofxUIRectangle.cpp; sourceTree = "<group>"; };
		BAB4152C195B0B2A00C5583B /* ofxUIRectangle.h */ = {isa = PBXFileReference; lastKnownFileType = sourcecode.c.h; path = ofxUIRectangle.h; sourceTree = "<group>"; };
		BAB4152F195B0B2A00C5583B /* ofxUIScrollableCanvas.cpp */ = {isa = PBXFileReference; lastKnownFileType = sourcecode.cpp.cpp; path = ofxUIScrollableCanvas.cpp; sourceTree = "<group>"; };
		BAB41530195B0B2A00C5583B /* ofxUIScrollableCanvas.h */ = {isa = PBXFileReference; lastKnownFileType = sourcecode.c.h; path = ofxUIScrollableCanvas.h; sourceTree = "<group>"; };
		BAB41531195B0B2A00C5583B /* ofxUISlider.cpp */ = {isa = PBXFileReference; lastKnownFileType = sourcecode.cpp.cpp; path = ofxUISlider.cpp; sourceTree = "<group>"; };
		BAB41532195B0B2A00C5583B /* ofxUISlider.h */ = {isa = PBXFileReference; lastKnownFileType = sourcecode.c.h; path = ofxUISlider.h; sourceTree = "<group>"; };
		BAB41533195B0B2A00C5583B /* ofxUISortableList.cpp */ = {isa = PBXFileReference; lastKnownFileType = sourcecode.cpp.cpp; path = ofxUISortableList.cpp; sourceTree = "<group>"; };
		BAB41534195B0B2A00C5583B /* ofxUISortableList.h */ = {isa = PBXFileReference; lastKnownFileType = sourcecode.c.h; path = ofxUISortableList.h; sourceTree = "<group>"; };
		BAB41535195B0B2A00C5583B /* ofxUISpacer.cpp */ = {isa = PBXFileReference; lastKnownFileType = sourcecode.cpp.cpp; path = ofxUISpacer.cpp; sourceTree = "<group>"; };
		BAB41536195B0B2A00C5583B /* ofxUISpacer.h */ = {isa = PBXFileReference; lastKnownFileType = sourcecode.c.h; path = ofxUISpacer.h; sourceTree = "<group>"; };
		BAB41539195B0B2A00C5583B /* ofxUISuperCanvas.cpp */ = {isa = PBXFileReference; lastKnownFileType = sourcecode.cpp.cpp; path = ofxUISuperCanvas.cpp; sourceTree = "<group>"; };
		BAB4153A195B0B2A00C5583B /* ofxUISuperCanvas.h */ = {isa = PBXFileReference; lastKnownFileType = sourcecode.c.h; path = ofxUISuperCanvas.h; sourceTree = "<group>"; };
		BAB4153B195B0B2A00C5583B /* ofxUITabBar.cpp */ = {isa = PBXFileReference; lastKnownFileType = sourcecode.cpp.cpp; path = ofxUITabBar.cpp; sourceTree = "<group>"; };
		BAB4153C195B0B2A00C5583B /* ofxUITabBar.h */ = {isa = PBXFileReference; lastKnownFileType = sourcecode.c.h; path = ofxUITabBar.h; sourceTree = "<group>"; };
		BAB4153D195B0B2A00C5583B /* ofxUITextArea.cpp */ = {isa = PBXFileReference; lastKnownFileType = sourcecode.cpp.cpp; path = ofxUITextArea.cpp; sourceTree = "<group>"; };
		BAB4153E195B0B2A00C5583B /* ofxUITextArea.h */ = {isa = PBXFileReference; lastKnownFileType = sourcecode.c.h; path = ofxUITextArea.h; sourceTree = "<group>"; };
		BAB4153F195B0B2A00C5583B /* ofxUITextInput.cpp */ = {isa = PBXFileReference; lastKnownFileType = sourcecode.cpp.cpp; path = ofxUITextInput.cpp; sourceTree = "<group>"; };
		BAB41540195B0B2A00C5583B /* ofxUITextInput.h */ = {isa = PBXFileReference; lastKnownFileType = sourcecode.c.h; path = ofxUITextInput.h; sourceTree = "<group>"; };
		BAB41541195B0B2A00C5583B /* ofxUIToggle.cpp */ = {isa = PBXFileReference; lastKnownFileType = sourcecode.cpp.cpp; path = ofxUIToggle.cpp; sourceTree = "<group>"; };
		BAB41542195B0B2A00C5583B /* ofxUIToggle.h */ = {isa = PBXFileReference; lastKnownFileType = sourcecode.c.h; path = ofxUIToggle.h; sourceTree = "<group>"; };
		BAB41543195B0B2A00C5583B /* ofxUIToggleMatrix.cpp */ = {isa = PBXFileReference; lastKnownFileType = sourcecode.cpp.cpp; path = ofxUIToggleMatrix.cpp; sourceTree = "<group>"; };
		BAB41544195B0B2A00C5583B /* ofxUIToggleMatrix.h */ = {isa = PBXFileReference; lastKnownFileType = sourcecode.c.h; path = ofxUIToggleMatrix.h; sourceTree = "<group>"; };
		BAB41545195B0B2A00C5583B /* ofxUIUtils.h */ = {isa = PBXFileReference; lastKnownFileType = sourcecode.c.h; path = ofxUIUtils.h; sourceTree = "<group>"; };
		BAB4154A195B0B2A00C5583B /* ofxUIWidget.cpp */ = {isa = PBXFileReference; lastKnownFileType = sourcecode.cpp.cpp; path = ofxUIWidget.cpp; sourceTree = "<group>"; };
		BAB4154B195B0B2A00C5583B /* ofxUIWidget.h */ = {isa = PBXFileReference; lastKnownFileType = sourcecode.c.h; path = ofxUIWidget.h; sourceTree = "<group>"; };
		BAB4154C195B0B2A00C5583B /* ofxUIWidgets.h */ = {isa = PBXFileReference; lastKnownFileType = sourcecode.c.h; path = ofxUIWidgets.h; sourceTree = "<group>"; };
		BAB4154D195B0B2A00C5583B /* ofxUIWidgetWithLabel.cpp */ = {isa = PBXFileReference; lastKnownFileType = sourcecode.cpp.cpp; path = ofxUIWidgetWithLabel.cpp; sourceTree = "<group>"; };
		BAB4154E195B0B2A00C5583B /* ofxUIWidgetWithLabel.h */ = {isa = PBXFileReference; lastKnownFileType = sourcecode.c.h; path = ofxUIWidgetWithLabel.h; sourceTree = "<group>"; };
		BAB4154F195B0B2A00C5583B /* ofxUIWrapper.h */ = {isa = PBXFileReference; lastKnownFileType = sourcecode.c.h; path = ofxUIWrapper.h; sourceTree = "<group>"; };
		BAB415B6195B137300C5583B /* ofxHotKeys.h */ = {isa = PBXFileReference; lastKnownFileType = sourcecode.c.h; path = ofxHotKeys.h; sourceTree = "<group>"; };
		BAB415B7195B137300C5583B /* ofxHotKeys_impl_linux.cpp */ = {isa = PBXFileReference; lastKnownFileType = sourcecode.cpp.cpp; path = ofxHotKeys_impl_linux.cpp; sourceTree = "<group>"; };
		BAB415B8195B137300C5583B /* ofxHotKeys_impl_mac.mm */ = {isa = PBXFileReference; lastKnownFileType = sourcecode.cpp.objcpp; path = ofxHotKeys_impl_mac.mm; sourceTree = "<group>"; };
		BAB415B9195B137300C5583B /* ofxHotKeys_impl_win.cpp */ = {isa = PBXFileReference; lastKnownFileType = sourcecode.cpp.cpp; path = ofxHotKeys_impl_win.cpp; sourceTree = "<group>"; };
		BAB415BA195B137300C5583B /* ofxRemoveCocoaMenu.h */ = {isa = PBXFileReference; lastKnownFileType = sourcecode.c.h; path = ofxRemoveCocoaMenu.h; sourceTree = "<group>"; };
		BAB415BB195B137300C5583B /* ofxRemoveCocoaMenu.mm */ = {isa = PBXFileReference; lastKnownFileType = sourcecode.cpp.objcpp; path = ofxRemoveCocoaMenu.mm; sourceTree = "<group>"; };
		BAB415BC195B137300C5583B /* ofxTimeline.cpp */ = {isa = PBXFileReference; lastKnownFileType = sourcecode.cpp.cpp; path = ofxTimeline.cpp; sourceTree = "<group>"; };
		BAB415BD195B137300C5583B /* ofxTimeline.h */ = {isa = PBXFileReference; lastKnownFileType = sourcecode.c.h; path = ofxTimeline.h; sourceTree = "<group>"; };
		BAB415C0195B137300C5583B /* ofxTLBangs.cpp */ = {isa = PBXFileReference; lastKnownFileType = sourcecode.cpp.cpp; path = ofxTLBangs.cpp; sourceTree = "<group>"; };
		BAB415C1195B137300C5583B /* ofxTLBangs.h */ = {isa = PBXFileReference; lastKnownFileType = sourcecode.c.h; path = ofxTLBangs.h; sourceTree = "<group>"; };
		BAB415C8195B137300C5583B /* ofxTLCurves.cpp */ = {isa = PBXFileReference; lastKnownFileType = sourcecode.cpp.cpp; path = ofxTLCurves.cpp; sourceTree = "<group>"; };
		BAB415C9195B137300C5583B /* ofxTLCurves.h */ = {isa = PBXFileReference; lastKnownFileType = sourcecode.c.h; path = ofxTLCurves.h; sourceTree = "<group>"; };
		BAB415CA195B137300C5583B /* ofxTLEmptyKeyframes.cpp */ = {isa = PBXFileReference; lastKnownFileType = sourcecode.cpp.cpp; path = ofxTLEmptyKeyframes.cpp; sourceTree = "<group>"; };
		BAB415CB195B137300C5583B /* ofxTLEmptyKeyframes.h */ = {isa = PBXFileReference; lastKnownFileType = sourcecode.c.h; path = ofxTLEmptyKeyframes.h; sourceTree = "<group>"; };
		BAB415CC195B137300C5583B /* ofxTLEmptyTrack.cpp */ = {isa = PBXFileReference; lastKnownFileType = sourcecode.cpp.cpp; path = ofxTLEmptyTrack.cpp; sourceTree = "<group>"; };
		BAB415CD195B137300C5583B /* ofxTLEmptyTrack.h */ = {isa = PBXFileReference; lastKnownFileType = sourcecode.c.h; path = ofxTLEmptyTrack.h; sourceTree = "<group>"; };
		BAB415CE195B137300C5583B /* ofxTLEvents.h */ = {isa = PBXFileReference; lastKnownFileType = sourcecode.c.h; path = ofxTLEvents.h; sourceTree = "<group>"; };
		BAB415CF195B137300C5583B /* ofxTLFlags.cpp */ = {isa = PBXFileReference; lastKnownFileType = sourcecode.cpp.cpp; path = ofxTLFlags.cpp; sourceTree = "<group>"; };
		BAB415D0195B137300C5583B /* ofxTLFlags.h */ = {isa = PBXFileReference; lastKnownFileType = sourcecode.c.h; path = ofxTLFlags.h; sourceTree = "<group>"; };
		BAB415D7195B137300C5583B /* ofxTLInOut.cpp */ = {isa = PBXFileReference; lastKnownFileType = sourcecode.cpp.cpp; path = ofxTLInOut.cpp; sourceTree = "<group>"; };
		BAB415D8195B137300C5583B /* ofxTLInOut.h */ = {isa = PBXFileReference; lastKnownFileType = sourcecode.c.h; path = ofxTLInOut.h; sourceTree = "<group>"; };
		BAB415D9195B137300C5583B /* ofxTLKeyframes.cpp */ = {isa = PBXFileReference; lastKnownFileType = sourcecode.cpp.cpp; path = ofxTLKeyframes.cpp; sourceTree = "<group>"; };
		BAB415DA195B137300C5583B /* ofxTLKeyframes.h */ = {isa = PBXFileReference; lastKnownFileType = sourcecode.c.h; path = ofxTLKeyframes.h; sourceTree = "<group>"; };
		BAB415DD195B137300C5583B /* ofxTLPage.cpp */ = {isa = PBXFileReference; lastKnownFileType = sourcecode.cpp.cpp; path = ofxTLPage.cpp; sourceTree = "<group>"; };
		BAB415DE195B137300C5583B /* ofxTLPage.h */ = {isa = PBXFileReference; lastKnownFileType = sourcecode.c.h; path = ofxTLPage.h; sourceTree = "<group>"; };
		BAB415DF195B137300C5583B /* ofxTLPageTabs.cpp */ = {isa = PBXFileReference; lastKnownFileType = sourcecode.cpp.cpp; path = ofxTLPageTabs.cpp; sourceTree = "<group>"; };
		BAB415E0195B137300C5583B /* ofxTLPageTabs.h */ = {isa = PBXFileReference; lastKnownFileType = sourcecode.c.h; path = ofxTLPageTabs.h; sourceTree = "<group>"; };
		BAB415E1195B137300C5583B /* ofxTLSwitches.cpp */ = {isa = PBXFileReference; lastKnownFileType = sourcecode.cpp.cpp; path = ofxTLSwitches.cpp; sourceTree = "<group>"; };
		BAB415E2195B137300C5583B /* ofxTLSwitches.h */ = {isa = PBXFileReference; lastKnownFileType = sourcecode.c.h; path = ofxTLSwitches.h; sourceTree = "<group>"; };
		BAB415E3195B137300C5583B /* ofxTLTicker.cpp */ = {isa = PBXFileReference; lastKnownFileType = sourcecode.cpp.cpp; path = ofxTLTicker.cpp; sourceTree = "<group>"; };
		BAB415E4195B137300C5583B /* ofxTLTicker.h */ = {isa = PBXFileReference; lastKnownFileType = sourcecode.c.h; path = ofxTLTicker.h; sourceTree = "<group>"; };
		BAB415E5195B137300C5583B /* ofxTLTrack.cpp */ = {isa = PBXFileReference; lastKnownFileType = sourcecode.cpp.cpp; path = ofxTLTrack.cpp; sourceTree = "<group>"; };
		BAB415E6195B137300C5583B /* ofxTLTrack.h */ = {isa = PBXFileReference; lastKnownFileType = sourcecode.c.h; path = ofxTLTrack.h; sourceTree = "<group>"; };
		BAB415E7195B137300C5583B /* ofxTLTrackHeader.cpp */ = {isa = PBXFileReference; lastKnownFileType = sourcecode.cpp.cpp; path = ofxTLTrackHeader.cpp; sourceTree = "<group>"; };
		BAB415E8195B137300C5583B /* ofxTLTrackHeader.h */ = {isa = PBXFileReference; lastKnownFileType = sourcecode.c.h; path = ofxTLTrackHeader.h; sourceTree = "<group>"; };
		BAB415ED195B137300C5583B /* ofxTLZoomer.cpp */ = {isa = PBXFileReference; lastKnownFileType = sourcecode.cpp.cpp; path = ofxTLZoomer.cpp; sourceTree = "<group>"; };
		BAB415EE195B137300C5583B /* ofxTLZoomer.h */ = {isa = PBXFileReference; lastKnownFileType = sourcecode.c.h; path = ofxTLZoomer.h; sourceTree = "<group>"; };
		BAB415F2195B137300C5583B /* kiss_fft.h */ = {isa = PBXFileReference; lastKnownFileType = sourcecode.c.h; path = kiss_fft.h; sourceTree = "<group>"; };
		BAB415F3195B137300C5583B /* kiss_fftr.h */ = {isa = PBXFileReference; lastKnownFileType = sourcecode.c.h; path = kiss_fftr.h; sourceTree = "<group>"; };
		BAB415F5195B137300C5583B /* _kiss_fft_guts.h */ = {isa = PBXFileReference; lastKnownFileType = sourcecode.c.h; path = _kiss_fft_guts.h; sourceTree = "<group>"; };
		BAB415F6195B137300C5583B /* kiss_fft.c */ = {isa = PBXFileReference; lastKnownFileType = sourcecode.c.c; path = kiss_fft.c; sourceTree = "<group>"; };
		BAB415F7195B137300C5583B /* kiss_fftr.c */ = {isa = PBXFileReference; lastKnownFileType = sourcecode.c.c; path = kiss_fftr.c; sourceTree = "<group>"; };
		BAB415FA195B137300C5583B /* ofOpenALSoundPlayer_TimelineAdditions.cpp */ = {isa = PBXFileReference; lastKnownFileType = sourcecode.cpp.cpp; path = ofOpenALSoundPlayer_TimelineAdditions.cpp; sourceTree = "<group>"; };
		BAB415FB195B137300C5583B /* ofOpenALSoundPlayer_TimelineAdditions.h */ = {isa = PBXFileReference; lastKnownFileType = sourcecode.c.h; path = ofOpenALSoundPlayer_TimelineAdditions.h; sourceTree = "<group>"; };
		BAB415FF195B137300C5583B /* al.h */ = {isa = PBXFileReference; lastKnownFileType = sourcecode.c.h; path = al.h; sourceTree = "<group>"; };
		BAB41600195B137300C5583B /* alc.h */ = {isa = PBXFileReference; lastKnownFileType = sourcecode.c.h; path = alc.h; sourceTree = "<group>"; };
		BAB41601195B137300C5583B /* efx-creative.h */ = {isa = PBXFileReference; lastKnownFileType = sourcecode.c.h; path = "efx-creative.h"; sourceTree = "<group>"; };
		BAB41602195B137300C5583B /* EFX-Util.h */ = {isa = PBXFileReference; lastKnownFileType = sourcecode.c.h; path = "EFX-Util.h"; sourceTree = "<group>"; };
		BAB41603195B137300C5583B /* efx.h */ = {isa = PBXFileReference; lastKnownFileType = sourcecode.c.h; path = efx.h; sourceTree = "<group>"; };
		BAB41604195B137300C5583B /* xram.h */ = {isa = PBXFileReference; lastKnownFileType = sourcecode.c.h; path = xram.h; sourceTree = "<group>"; };
		BAB41608195B137300C5583B /* EFX-Util.lib */ = {isa = PBXFileReference; lastKnownFileType = archive.ar; path = "EFX-Util.lib"; sourceTree = "<group>"; };
		BAB4160A195B137300C5583B /* EFX-Util.lib */ = {isa = PBXFileReference; lastKnownFileType = archive.ar; path = "EFX-Util.lib"; sourceTree = "<group>"; };
		BAB4160B195B137300C5583B /* OpenAL32.lib */ = {isa = PBXFileReference; lastKnownFileType = archive.ar; path = OpenAL32.lib; sourceTree = "<group>"; };
		BAB4160E195B137300C5583B /* EFX-Util.lib */ = {isa = PBXFileReference; lastKnownFileType = archive.ar; path = "EFX-Util.lib"; sourceTree = "<group>"; };
		BAB41610195B137300C5583B /* EFX-Util.lib */ = {isa = PBXFileReference; lastKnownFileType = archive.ar; path = "EFX-Util.lib"; sourceTree = "<group>"; };
		BAB41611195B137300C5583B /* OpenAL32.lib */ = {isa = PBXFileReference; lastKnownFileType = archive.ar; path = OpenAL32.lib; sourceTree = "<group>"; };
		BAB41614195B137300C5583B /* sndfile.h */ = {isa = PBXFileReference; lastKnownFileType = sourcecode.c.h; path = sndfile.h; sourceTree = "<group>"; };
		BAB41615195B137300C5583B /* sndfile.hh */ = {isa = PBXFileReference; lastKnownFileType = sourcecode.cpp.h; path = sndfile.hh; sourceTree = "<group>"; };
		BAB41618195B137300C5583B /* libsndfile.a */ = {isa = PBXFileReference; lastKnownFileType = archive.ar; path = libsndfile.a; sourceTree = "<group>"; };
		BAB4161E195B137300C5583B /* libsndfile-1.dll */ = {isa = PBXFileReference; lastKnownFileType = file; path = "libsndfile-1.dll"; sourceTree = "<group>"; };
		BAB41691195B1A3500C5583B /* ofxTLColors.cpp */ = {isa = PBXFileReference; fileEncoding = 4; lastKnownFileType = sourcecode.cpp.cpp; path = ofxTLColors.cpp; sourceTree = "<group>"; };
		BAB41692195B1A3500C5583B /* ofxTLColors.h */ = {isa = PBXFileReference; fileEncoding = 4; lastKnownFileType = sourcecode.c.h; path = ofxTLColors.h; sourceTree = "<group>"; };
		BAB41694195B1CF900C5583B /* addons.make */ = {isa = PBXFileReference; fileEncoding = 4; lastKnownFileType = text; path = addons.make; sourceTree = "<group>"; };
		BBAB23BE13894E4700AA2426 /* GLUT.framework */ = {isa = PBXFileReference; lastKnownFileType = wrapper.framework; name = GLUT.framework; path = ../../../libs/glut/lib/osx/GLUT.framework; sourceTree = "<group>"; };
		E4328143138ABC890047C5CB /* openFrameworksLib.xcodeproj */ = {isa = PBXFileReference; lastKnownFileType = "wrapper.pb-project"; name = openFrameworksLib.xcodeproj; path = ../../../libs/openFrameworksCompiled/project/osx/openFrameworksLib.xcodeproj; sourceTree = SOURCE_ROOT; };
		E45BE9710E8CC7DD009D7055 /* AGL.framework */ = {isa = PBXFileReference; lastKnownFileType = wrapper.framework; name = AGL.framework; path = /System/Library/Frameworks/AGL.framework; sourceTree = "<absolute>"; };
		E45BE9720E8CC7DD009D7055 /* ApplicationServices.framework */ = {isa = PBXFileReference; lastKnownFileType = wrapper.framework; name = ApplicationServices.framework; path = /System/Library/Frameworks/ApplicationServices.framework; sourceTree = "<absolute>"; };
		E45BE9730E8CC7DD009D7055 /* AudioToolbox.framework */ = {isa = PBXFileReference; lastKnownFileType = wrapper.framework; name = AudioToolbox.framework; path = /System/Library/Frameworks/AudioToolbox.framework; sourceTree = "<absolute>"; };
		E45BE9740E8CC7DD009D7055 /* Carbon.framework */ = {isa = PBXFileReference; lastKnownFileType = wrapper.framework; name = Carbon.framework; path = /System/Library/Frameworks/Carbon.framework; sourceTree = "<absolute>"; };
		E45BE9750E8CC7DD009D7055 /* CoreAudio.framework */ = {isa = PBXFileReference; lastKnownFileType = wrapper.framework; name = CoreAudio.framework; path = /System/Library/Frameworks/CoreAudio.framework; sourceTree = "<absolute>"; };
		E45BE9760E8CC7DD009D7055 /* CoreFoundation.framework */ = {isa = PBXFileReference; lastKnownFileType = wrapper.framework; name = CoreFoundation.framework; path = /System/Library/Frameworks/CoreFoundation.framework; sourceTree = "<absolute>"; };
		E45BE9770E8CC7DD009D7055 /* CoreServices.framework */ = {isa = PBXFileReference; lastKnownFileType = wrapper.framework; name = CoreServices.framework; path = /System/Library/Frameworks/CoreServices.framework; sourceTree = "<absolute>"; };
		E45BE9790E8CC7DD009D7055 /* OpenGL.framework */ = {isa = PBXFileReference; lastKnownFileType = wrapper.framework; name = OpenGL.framework; path = /System/Library/Frameworks/OpenGL.framework; sourceTree = "<absolute>"; };
		E45BE97A0E8CC7DD009D7055 /* QuickTime.framework */ = {isa = PBXFileReference; lastKnownFileType = wrapper.framework; name = QuickTime.framework; path = /System/Library/Frameworks/QuickTime.framework; sourceTree = "<absolute>"; };
		E4B69B5B0A3A1756003C02F2 /* POTUS_curvesDebug.app */ = {isa = PBXFileReference; explicitFileType = wrapper.application; includeInIndex = 0; path = POTUS_curvesDebug.app; sourceTree = BUILT_PRODUCTS_DIR; };
		E4B69E1D0A3A1BDC003C02F2 /* main.cpp */ = {isa = PBXFileReference; fileEncoding = 30; lastKnownFileType = sourcecode.cpp.cpp; name = main.cpp; path = src/main.cpp; sourceTree = SOURCE_ROOT; };
		E4B69E1E0A3A1BDC003C02F2 /* testApp.cpp */ = {isa = PBXFileReference; explicitFileType = sourcecode.cpp.cpp; fileEncoding = 30; name = testApp.cpp; path = src/testApp.cpp; sourceTree = SOURCE_ROOT; };
		E4B69E1F0A3A1BDC003C02F2 /* testApp.h */ = {isa = PBXFileReference; fileEncoding = 30; lastKnownFileType = sourcecode.c.h; name = testApp.h; path = src/testApp.h; sourceTree = SOURCE_ROOT; };
		E4B6FCAD0C3E899E008CF71C /* openFrameworks-Info.plist */ = {isa = PBXFileReference; fileEncoding = 30; lastKnownFileType = text.plist.xml; path = "openFrameworks-Info.plist"; sourceTree = "<group>"; };
		E4C2424410CC5A17004149E2 /* AppKit.framework */ = {isa = PBXFileReference; lastKnownFileType = wrapper.framework; name = AppKit.framework; path = /System/Library/Frameworks/AppKit.framework; sourceTree = "<absolute>"; };
		E4C2424510CC5A17004149E2 /* Cocoa.framework */ = {isa = PBXFileReference; lastKnownFileType = wrapper.framework; name = Cocoa.framework; path = /System/Library/Frameworks/Cocoa.framework; sourceTree = "<absolute>"; };
		E4C2424610CC5A17004149E2 /* IOKit.framework */ = {isa = PBXFileReference; lastKnownFileType = wrapper.framework; name = IOKit.framework; path = /System/Library/Frameworks/IOKit.framework; sourceTree = "<absolute>"; };
		E4EB691F138AFCF100A09F29 /* CoreOF.xcconfig */ = {isa = PBXFileReference; fileEncoding = 4; lastKnownFileType = text.xcconfig; name = CoreOF.xcconfig; path = ../../../libs/openFrameworksCompiled/project/osx/CoreOF.xcconfig; sourceTree = SOURCE_ROOT; };
		E4EB6923138AFD0F00A09F29 /* Project.xcconfig */ = {isa = PBXFileReference; fileEncoding = 4; lastKnownFileType = text.xcconfig; path = Project.xcconfig; sourceTree = "<group>"; };
		E778AED5163EF5AE003A40B1 /* OpenAL.framework */ = {isa = PBXFileReference; lastKnownFileType = wrapper.framework; name = OpenAL.framework; path = System/Library/Frameworks/OpenAL.framework; sourceTree = SDKROOT; };
		E7E077E415D3B63C0020DFD4 /* CoreVideo.framework */ = {isa = PBXFileReference; lastKnownFileType = wrapper.framework; name = CoreVideo.framework; path = /System/Library/Frameworks/CoreVideo.framework; sourceTree = "<absolute>"; };
		E7E077E715D3B6510020DFD4 /* QTKit.framework */ = {isa = PBXFileReference; lastKnownFileType = wrapper.framework; name = QTKit.framework; path = /System/Library/Frameworks/QTKit.framework; sourceTree = "<absolute>"; };
		E7F985F515E0DE99003869B5 /* Accelerate.framework */ = {isa = PBXFileReference; lastKnownFileType = wrapper.framework; name = Accelerate.framework; path = /System/Library/Frameworks/Accelerate.framework; sourceTree = "<absolute>"; };
/* End PBXFileReference section */

/* Begin PBXFrameworksBuildPhase section */
		E4B69B590A3A1756003C02F2 /* Frameworks */ = {
			isa = PBXFrameworksBuildPhase;
			buildActionMask = 2147483647;
			files = (
				E778AED6163EF5AE003A40B1 /* OpenAL.framework in Frameworks */,
				E7F985F815E0DEA3003869B5 /* Accelerate.framework in Frameworks */,
				BAB41640195B137300C5583B /* EFX-Util.lib in Frameworks */,
				BAB41644195B137300C5583B /* OpenAL32.lib in Frameworks */,
				E7E077E815D3B6510020DFD4 /* QTKit.framework in Frameworks */,
				E4EB6799138ADC1D00A09F29 /* GLUT.framework in Frameworks */,
				BAB41643195B137300C5583B /* EFX-Util.lib in Frameworks */,
				BAB41642195B137300C5583B /* EFX-Util.lib in Frameworks */,
				E4328149138ABC9F0047C5CB /* openFrameworksDebug.a in Frameworks */,
				E45BE97B0E8CC7DD009D7055 /* AGL.framework in Frameworks */,
				E45BE97C0E8CC7DD009D7055 /* ApplicationServices.framework in Frameworks */,
				E45BE97D0E8CC7DD009D7055 /* AudioToolbox.framework in Frameworks */,
				E45BE97E0E8CC7DD009D7055 /* Carbon.framework in Frameworks */,
				E45BE97F0E8CC7DD009D7055 /* CoreAudio.framework in Frameworks */,
				E45BE9800E8CC7DD009D7055 /* CoreFoundation.framework in Frameworks */,
				BAB4163F195B137300C5583B /* EFX-Util.lib in Frameworks */,
				E45BE9810E8CC7DD009D7055 /* CoreServices.framework in Frameworks */,
				BAB41645195B137300C5583B /* libsndfile.a in Frameworks */,
				E45BE9830E8CC7DD009D7055 /* OpenGL.framework in Frameworks */,
				E45BE9840E8CC7DD009D7055 /* QuickTime.framework in Frameworks */,
				E4C2424710CC5A17004149E2 /* AppKit.framework in Frameworks */,
				E4C2424810CC5A17004149E2 /* Cocoa.framework in Frameworks */,
				E4C2424910CC5A17004149E2 /* IOKit.framework in Frameworks */,
				BAB41641195B137300C5583B /* OpenAL32.lib in Frameworks */,
				E7E077E515D3B63C0020DFD4 /* CoreVideo.framework in Frameworks */,
			);
			runOnlyForDeploymentPostprocessing = 0;
		};
/* End PBXFrameworksBuildPhase section */

/* Begin PBXGroup section */
		BA84D04E194B82B400C68A76 /* ofxNetwork */ = {
			isa = PBXGroup;
			children = (
				BA84D04F194B82B400C68A76 /* src */,
			);
			name = ofxNetwork;
			sourceTree = "<group>";
		};
		BA84D04F194B82B400C68A76 /* src */ = {
			isa = PBXGroup;
			children = (
				BA84D050194B82B400C68A76 /* ofxNetwork.h */,
				BA84D051194B82B400C68A76 /* ofxNetworkUtils.h */,
				BA84D052194B82B400C68A76 /* ofxTCPClient.cpp */,
				BA84D053194B82B400C68A76 /* ofxTCPClient.h */,
				BA84D054194B82B400C68A76 /* ofxTCPManager.cpp */,
				BA84D055194B82B400C68A76 /* ofxTCPManager.h */,
				BA84D056194B82B400C68A76 /* ofxTCPServer.cpp */,
				BA84D057194B82B400C68A76 /* ofxTCPServer.h */,
				BA84D058194B82B400C68A76 /* ofxUDPManager.cpp */,
				BA84D059194B82B400C68A76 /* ofxUDPManager.h */,
			);
			name = src;
			path = ../../../addons/ofxNetwork/src;
			sourceTree = "<group>";
		};
		BA9C3850193FCFE100539D60 /* ofxXmlSettings */ = {
			isa = PBXGroup;
			children = (
				BA9C3851193FCFE100539D60 /* src */,
				BA9C3854193FCFE100539D60 /* libs */,
			);
			name = ofxXmlSettings;
			sourceTree = "<group>";
		};
		BA9C3851193FCFE100539D60 /* src */ = {
			isa = PBXGroup;
			children = (
				BA9C3852193FCFE100539D60 /* ofxXmlSettings.cpp */,
				BA9C3853193FCFE100539D60 /* ofxXmlSettings.h */,
			);
			name = src;
			path = ../../../addons/ofxXmlSettings/src;
			sourceTree = "<group>";
		};
		BA9C3854193FCFE100539D60 /* libs */ = {
			isa = PBXGroup;
			children = (
				BA9C3855193FCFE100539D60 /* tinyxml.cpp */,
				BA9C3856193FCFE100539D60 /* tinyxml.h */,
				BA9C3857193FCFE100539D60 /* tinyxmlerror.cpp */,
				BA9C3858193FCFE100539D60 /* tinyxmlparser.cpp */,
			);
			name = libs;
			path = ../../../addons/ofxXmlSettings/libs;
			sourceTree = "<group>";
		};
		BA9C385D193FCFE100539D60 /* ofxTween */ = {
			isa = PBXGroup;
			children = (
				BA9C385E193FCFE100539D60 /* src */,
			);
			name = ofxTween;
			sourceTree = "<group>";
		};
		BA9C385E193FCFE100539D60 /* src */ = {
			isa = PBXGroup;
			children = (
				BA9C385F193FCFE100539D60 /* Easings */,
				BA9C3879193FCFE100539D60 /* ofxTween.cpp */,
				BA9C387A193FCFE100539D60 /* ofxTween.h */,
			);
			name = src;
			path = ../../../addons/ofxTween/src;
			sourceTree = "<group>";
		};
		BA9C385F193FCFE100539D60 /* Easings */ = {
			isa = PBXGroup;
			children = (
				BA9C3860193FCFE100539D60 /* easing_terms_of_use.html */,
				BA9C3861193FCFE100539D60 /* ofxEasing.cpp */,
				BA9C3862193FCFE100539D60 /* ofxEasing.h */,
				BA9C3863193FCFE100539D60 /* ofxEasingBack.cpp */,
				BA9C3864193FCFE100539D60 /* ofxEasingBack.h */,
				BA9C3865193FCFE100539D60 /* ofxEasingBounce.cpp */,
				BA9C3866193FCFE100539D60 /* ofxEasingBounce.h */,
				BA9C3867193FCFE100539D60 /* ofxEasingCirc.cpp */,
				BA9C3868193FCFE100539D60 /* ofxEasingCirc.h */,
				BA9C3869193FCFE100539D60 /* ofxEasingCubic.cpp */,
				BA9C386A193FCFE100539D60 /* ofxEasingCubic.h */,
				BA9C386B193FCFE100539D60 /* ofxEasingElastic.cpp */,
				BA9C386C193FCFE100539D60 /* ofxEasingElastic.h */,
				BA9C386D193FCFE100539D60 /* ofxEasingExpo.cpp */,
				BA9C386E193FCFE100539D60 /* ofxEasingExpo.h */,
				BA9C386F193FCFE100539D60 /* ofxEasingLinear.cpp */,
				BA9C3870193FCFE100539D60 /* ofxEasingLinear.h */,
				BA9C3871193FCFE100539D60 /* ofxEasingQuad.cpp */,
				BA9C3872193FCFE100539D60 /* ofxEasingQuad.h */,
				BA9C3873193FCFE100539D60 /* ofxEasingQuart.cpp */,
				BA9C3874193FCFE100539D60 /* ofxEasingQuart.h */,
				BA9C3875193FCFE100539D60 /* ofxEasingQuint.cpp */,
				BA9C3876193FCFE100539D60 /* ofxEasingQuint.h */,
				BA9C3877193FCFE100539D60 /* ofxEasingSine.cpp */,
				BA9C3878193FCFE100539D60 /* ofxEasingSine.h */,
			);
			path = Easings;
			sourceTree = "<group>";
		};
		BA9C3888193FCFE100539D60 /* ofxRange */ = {
			isa = PBXGroup;
			children = (
				BA9C3889193FCFE100539D60 /* src */,
			);
			name = ofxRange;
			sourceTree = "<group>";
		};
		BA9C3889193FCFE100539D60 /* src */ = {
			isa = PBXGroup;
			children = (
				BA9C388A193FCFE100539D60 /* ofRange.h */,
			);
			name = src;
			path = ../../../addons/ofxRange/src;
			sourceTree = "<group>";
		};
		BA9C388B193FCFE100539D60 /* ofxMSATimer */ = {
			isa = PBXGroup;
			children = (
				BA9C388C193FCFE100539D60 /* src */,
			);
			name = ofxMSATimer;
			sourceTree = "<group>";
		};
		BA9C388C193FCFE100539D60 /* src */ = {
			isa = PBXGroup;
			children = (
				BA9C388D193FCFE100539D60 /* ofxMSATimer.cpp */,
				BA9C388E193FCFE100539D60 /* ofxMSATimer.h */,
			);
			name = src;
			path = ../../../addons/ofxMSATimer/src;
			sourceTree = "<group>";
		};
		BA9C3890193FCFE100539D60 /* ofxTimecode */ = {
			isa = PBXGroup;
			children = (
				BA9C3891193FCFE100539D60 /* src */,
			);
			name = ofxTimecode;
			sourceTree = "<group>";
		};
		BA9C3891193FCFE100539D60 /* src */ = {
			isa = PBXGroup;
			children = (
				BA9C3892193FCFE100539D60 /* ofxTimecode.cpp */,
				BA9C3893193FCFE100539D60 /* ofxTimecode.h */,
			);
			name = src;
			path = ../../../addons/ofxTimecode/src;
			sourceTree = "<group>";
		};
		BA9C3895193FCFE100539D60 /* ofxTextInputField */ = {
			isa = PBXGroup;
			children = (
				BA9C3896193FCFE100539D60 /* src */,
			);
			name = ofxTextInputField;
			sourceTree = "<group>";
		};
		BA9C3896193FCFE100539D60 /* src */ = {
			isa = PBXGroup;
			children = (
				BA9C3897193FCFE100539D60 /* ofxTextInputField.cpp */,
				BA9C3898193FCFE100539D60 /* ofxTextInputField.h */,
				BA9C3899193FCFE100539D60 /* ofxTextInputFieldFontRenderer.h */,
			);
			name = src;
			path = ../../../addons/ofxTextInputField/src;
			sourceTree = "<group>";
		};
		BAB414F0195B0B2A00C5583B /* ofxUI_small */ = {
			isa = PBXGroup;
			children = (
				BAB414F1195B0B2A00C5583B /* src */,
			);
			name = ofxUI_small;
			sourceTree = "<group>";
		};
		BAB414F1195B0B2A00C5583B /* src */ = {
			isa = PBXGroup;
			children = (
				BAB414F2195B0B2A00C5583B /* ofxUI.h */,
				BAB414F7195B0B2A00C5583B /* ofxUIBaseDraws.cpp */,
				BAB414F8195B0B2A00C5583B /* ofxUIBaseDraws.h */,
				BAB414F9195B0B2A00C5583B /* ofxUIBiLabelSlider.cpp */,
				BAB414FA195B0B2A00C5583B /* ofxUIBiLabelSlider.h */,
				BAB414FB195B0B2A00C5583B /* ofxUIButton.cpp */,
				BAB414FC195B0B2A00C5583B /* ofxUIButton.h */,
				BAB414FD195B0B2A00C5583B /* ofxUICanvas.cpp */,
				BAB414FE195B0B2A00C5583B /* ofxUICanvas.h */,
				BAB41501195B0B2A00C5583B /* ofxUIDefines.h */,
				BAB41502195B0B2A00C5583B /* ofxUIDragableLabelButton.cpp */,
				BAB41503195B0B2A00C5583B /* ofxUIDragableLabelButton.h */,
				BAB41504195B0B2A00C5583B /* ofxUIDropDownList.cpp */,
				BAB41505195B0B2A00C5583B /* ofxUIDropDownList.h */,
				BAB41506195B0B2A00C5583B /* ofxUIEventArgs.cpp */,
				BAB41507195B0B2A00C5583B /* ofxUIEventArgs.h */,
				BAB41508195B0B2A00C5583B /* ofxUIFPS.cpp */,
				BAB41509195B0B2A00C5583B /* ofxUIFPS.h */,
				BAB4150A195B0B2A00C5583B /* ofxUIFPSSlider.cpp */,
				BAB4150B195B0B2A00C5583B /* ofxUIFPSSlider.h */,
				BAB41516195B0B2A00C5583B /* ofxUILabel.cpp */,
				BAB41517195B0B2A00C5583B /* ofxUILabel.h */,
				BAB41518195B0B2A00C5583B /* ofxUILabelButton.cpp */,
				BAB41519195B0B2A00C5583B /* ofxUILabelButton.h */,
				BAB4151A195B0B2A00C5583B /* ofxUILabelToggle.cpp */,
				BAB4151B195B0B2A00C5583B /* ofxUILabelToggle.h */,
				BAB4151C195B0B2A00C5583B /* ofxUIMinimalSlider.cpp */,
				BAB4151D195B0B2A00C5583B /* ofxUIMinimalSlider.h */,
				BAB41526195B0B2A00C5583B /* ofxUIOFWrapper.h */,
				BAB41529195B0B2A00C5583B /* ofxUIRangeSlider.cpp */,
				BAB4152A195B0B2A00C5583B /* ofxUIRangeSlider.h */,
				BAB4152B195B0B2A00C5583B /* ofxUIRectangle.cpp */,
				BAB4152C195B0B2A00C5583B /* ofxUIRectangle.h */,
				BAB4152F195B0B2A00C5583B /* ofxUIScrollableCanvas.cpp */,
				BAB41530195B0B2A00C5583B /* ofxUIScrollableCanvas.h */,
				BAB41531195B0B2A00C5583B /* ofxUISlider.cpp */,
				BAB41532195B0B2A00C5583B /* ofxUISlider.h */,
				BAB41533195B0B2A00C5583B /* ofxUISortableList.cpp */,
				BAB41534195B0B2A00C5583B /* ofxUISortableList.h */,
				BAB41535195B0B2A00C5583B /* ofxUISpacer.cpp */,
				BAB41536195B0B2A00C5583B /* ofxUISpacer.h */,
				BAB41539195B0B2A00C5583B /* ofxUISuperCanvas.cpp */,
				BAB4153A195B0B2A00C5583B /* ofxUISuperCanvas.h */,
				BAB4153B195B0B2A00C5583B /* ofxUITabBar.cpp */,
				BAB4153C195B0B2A00C5583B /* ofxUITabBar.h */,
				BAB4153D195B0B2A00C5583B /* ofxUITextArea.cpp */,
				BAB4153E195B0B2A00C5583B /* ofxUITextArea.h */,
				BAB4153F195B0B2A00C5583B /* ofxUITextInput.cpp */,
				BAB41540195B0B2A00C5583B /* ofxUITextInput.h */,
				BAB41541195B0B2A00C5583B /* ofxUIToggle.cpp */,
				BAB41542195B0B2A00C5583B /* ofxUIToggle.h */,
				BAB41543195B0B2A00C5583B /* ofxUIToggleMatrix.cpp */,
				BAB41544195B0B2A00C5583B /* ofxUIToggleMatrix.h */,
				BAB41545195B0B2A00C5583B /* ofxUIUtils.h */,
				BAB4154A195B0B2A00C5583B /* ofxUIWidget.cpp */,
				BAB4154B195B0B2A00C5583B /* ofxUIWidget.h */,
				BAB4154C195B0B2A00C5583B /* ofxUIWidgets.h */,
				BAB4154D195B0B2A00C5583B /* ofxUIWidgetWithLabel.cpp */,
				BAB4154E195B0B2A00C5583B /* ofxUIWidgetWithLabel.h */,
				BAB4154F195B0B2A00C5583B /* ofxUIWrapper.h */,
			);
			name = src;
			path = ../../../addons/ofxUI_small/src;
			sourceTree = "<group>";
		};
		BAB415B4195B137300C5583B /* ofxTimeline_small */ = {
			isa = PBXGroup;
			children = (
				BAB415B5195B137300C5583B /* src */,
				BAB415EF195B137300C5583B /* libs */,
			);
			name = ofxTimeline_small;
			sourceTree = "<group>";
		};
		BAB415B5195B137300C5583B /* src */ = {
			isa = PBXGroup;
			children = (
				BAB41691195B1A3500C5583B /* ofxTLColors.cpp */,
				BAB41692195B1A3500C5583B /* ofxTLColors.h */,
				BAB415B6195B137300C5583B /* ofxHotKeys.h */,
				BAB415B7195B137300C5583B /* ofxHotKeys_impl_linux.cpp */,
				BAB415B8195B137300C5583B /* ofxHotKeys_impl_mac.mm */,
				BAB415B9195B137300C5583B /* ofxHotKeys_impl_win.cpp */,
				BAB415BA195B137300C5583B /* ofxRemoveCocoaMenu.h */,
				BAB415BB195B137300C5583B /* ofxRemoveCocoaMenu.mm */,
				BAB415BC195B137300C5583B /* ofxTimeline.cpp */,
				BAB415BD195B137300C5583B /* ofxTimeline.h */,
				BAB415C0195B137300C5583B /* ofxTLBangs.cpp */,
				BAB415C1195B137300C5583B /* ofxTLBangs.h */,
				BAB415C8195B137300C5583B /* ofxTLCurves.cpp */,
				BAB415C9195B137300C5583B /* ofxTLCurves.h */,
				BAB415CA195B137300C5583B /* ofxTLEmptyKeyframes.cpp */,
				BAB415CB195B137300C5583B /* ofxTLEmptyKeyframes.h */,
				BAB415CC195B137300C5583B /* ofxTLEmptyTrack.cpp */,
				BAB415CD195B137300C5583B /* ofxTLEmptyTrack.h */,
				BAB415CE195B137300C5583B /* ofxTLEvents.h */,
				BAB415CF195B137300C5583B /* ofxTLFlags.cpp */,
				BAB415D0195B137300C5583B /* ofxTLFlags.h */,
				BAB415D7195B137300C5583B /* ofxTLInOut.cpp */,
				BAB415D8195B137300C5583B /* ofxTLInOut.h */,
				BAB415D9195B137300C5583B /* ofxTLKeyframes.cpp */,
				BAB415DA195B137300C5583B /* ofxTLKeyframes.h */,
				BAB415DD195B137300C5583B /* ofxTLPage.cpp */,
				BAB415DE195B137300C5583B /* ofxTLPage.h */,
				BAB415DF195B137300C5583B /* ofxTLPageTabs.cpp */,
				BAB415E0195B137300C5583B /* ofxTLPageTabs.h */,
				BAB415E1195B137300C5583B /* ofxTLSwitches.cpp */,
				BAB415E2195B137300C5583B /* ofxTLSwitches.h */,
				BAB415E3195B137300C5583B /* ofxTLTicker.cpp */,
				BAB415E4195B137300C5583B /* ofxTLTicker.h */,
				BAB415E5195B137300C5583B /* ofxTLTrack.cpp */,
				BAB415E6195B137300C5583B /* ofxTLTrack.h */,
				BAB415E7195B137300C5583B /* ofxTLTrackHeader.cpp */,
				BAB415E8195B137300C5583B /* ofxTLTrackHeader.h */,
				BAB415ED195B137300C5583B /* ofxTLZoomer.cpp */,
				BAB415EE195B137300C5583B /* ofxTLZoomer.h */,
			);
			name = src;
			path = ../../../addons/ofxTimeline_small/src;
			sourceTree = "<group>";
		};
		BAB415EF195B137300C5583B /* libs */ = {
			isa = PBXGroup;
			children = (
				BAB415F0195B137300C5583B /* kiss */,
				BAB415F8195B137300C5583B /* ofOpenALSoundPlayer_TimelineAdditions */,
				BAB415FC195B137300C5583B /* openal */,
				BAB41612195B137300C5583B /* sndfile */,
			);
			name = libs;
			path = ../../../addons/ofxTimeline_small/libs;
			sourceTree = "<group>";
		};
		BAB415F0195B137300C5583B /* kiss */ = {
			isa = PBXGroup;
			children = (
				BAB415F1195B137300C5583B /* include */,
				BAB415F4195B137300C5583B /* src */,
			);
			path = kiss;
			sourceTree = "<group>";
		};
		BAB415F1195B137300C5583B /* include */ = {
			isa = PBXGroup;
			children = (
				BAB415F2195B137300C5583B /* kiss_fft.h */,
				BAB415F3195B137300C5583B /* kiss_fftr.h */,
			);
			path = include;
			sourceTree = "<group>";
		};
		BAB415F4195B137300C5583B /* src */ = {
			isa = PBXGroup;
			children = (
				BAB415F5195B137300C5583B /* _kiss_fft_guts.h */,
				BAB415F6195B137300C5583B /* kiss_fft.c */,
				BAB415F7195B137300C5583B /* kiss_fftr.c */,
			);
			path = src;
			sourceTree = "<group>";
		};
		BAB415F8195B137300C5583B /* ofOpenALSoundPlayer_TimelineAdditions */ = {
			isa = PBXGroup;
			children = (
				BAB415F9195B137300C5583B /* src */,
			);
			path = ofOpenALSoundPlayer_TimelineAdditions;
			sourceTree = "<group>";
		};
		BAB415F9195B137300C5583B /* src */ = {
			isa = PBXGroup;
			children = (
				BAB415FA195B137300C5583B /* ofOpenALSoundPlayer_TimelineAdditions.cpp */,
				BAB415FB195B137300C5583B /* ofOpenALSoundPlayer_TimelineAdditions.h */,
			);
			path = src;
			sourceTree = "<group>";
		};
		BAB415FC195B137300C5583B /* openal */ = {
			isa = PBXGroup;
			children = (
				BAB415FD195B137300C5583B /* include */,
				BAB41605195B137300C5583B /* libs */,
			);
			path = openal;
			sourceTree = "<group>";
		};
		BAB415FD195B137300C5583B /* include */ = {
			isa = PBXGroup;
			children = (
				BAB415FE195B137300C5583B /* AL */,
			);
			path = include;
			sourceTree = "<group>";
		};
		BAB415FE195B137300C5583B /* AL */ = {
			isa = PBXGroup;
			children = (
				BAB415FF195B137300C5583B /* al.h */,
				BAB41600195B137300C5583B /* alc.h */,
				BAB41601195B137300C5583B /* efx-creative.h */,
				BAB41602195B137300C5583B /* EFX-Util.h */,
				BAB41603195B137300C5583B /* efx.h */,
				BAB41604195B137300C5583B /* xram.h */,
			);
			path = AL;
			sourceTree = "<group>";
		};
		BAB41605195B137300C5583B /* libs */ = {
			isa = PBXGroup;
			children = (
				BAB41606195B137300C5583B /* vs2010 */,
				BAB4160C195B137300C5583B /* win_cb */,
			);
			path = libs;
			sourceTree = "<group>";
		};
		BAB41606195B137300C5583B /* vs2010 */ = {
			isa = PBXGroup;
			children = (
				BAB41607195B137300C5583B /* EFX-Util_MT */,
				BAB41609195B137300C5583B /* EFX-Util_MTDLL */,
				BAB4160B195B137300C5583B /* OpenAL32.lib */,
			);
			path = vs2010;
			sourceTree = "<group>";
		};
		BAB41607195B137300C5583B /* EFX-Util_MT */ = {
			isa = PBXGroup;
			children = (
				BAB41608195B137300C5583B /* EFX-Util.lib */,
			);
			path = "EFX-Util_MT";
			sourceTree = "<group>";
		};
		BAB41609195B137300C5583B /* EFX-Util_MTDLL */ = {
			isa = PBXGroup;
			children = (
				BAB4160A195B137300C5583B /* EFX-Util.lib */,
			);
			path = "EFX-Util_MTDLL";
			sourceTree = "<group>";
		};
		BAB4160C195B137300C5583B /* win_cb */ = {
			isa = PBXGroup;
			children = (
				BAB4160D195B137300C5583B /* EFX-Util_MT */,
				BAB4160F195B137300C5583B /* EFX-Util_MTDLL */,
				BAB41611195B137300C5583B /* OpenAL32.lib */,
			);
			path = win_cb;
			sourceTree = "<group>";
		};
		BAB4160D195B137300C5583B /* EFX-Util_MT */ = {
			isa = PBXGroup;
			children = (
				BAB4160E195B137300C5583B /* EFX-Util.lib */,
			);
			path = "EFX-Util_MT";
			sourceTree = "<group>";
		};
		BAB4160F195B137300C5583B /* EFX-Util_MTDLL */ = {
			isa = PBXGroup;
			children = (
				BAB41610195B137300C5583B /* EFX-Util.lib */,
			);
			path = "EFX-Util_MTDLL";
			sourceTree = "<group>";
		};
		BAB41612195B137300C5583B /* sndfile */ = {
			isa = PBXGroup;
			children = (
				BAB41613195B137300C5583B /* include */,
				BAB41616195B137300C5583B /* lib */,
				BAB4161D195B137300C5583B /* redist */,
			);
			path = sndfile;
			sourceTree = "<group>";
		};
		BAB41613195B137300C5583B /* include */ = {
			isa = PBXGroup;
			children = (
				BAB41614195B137300C5583B /* sndfile.h */,
				BAB41615195B137300C5583B /* sndfile.hh */,
			);
			path = include;
			sourceTree = "<group>";
		};
		BAB41616195B137300C5583B /* lib */ = {
			isa = PBXGroup;
			children = (
				BAB41617195B137300C5583B /* osx */,
			);
			path = lib;
			sourceTree = "<group>";
		};
		BAB41617195B137300C5583B /* osx */ = {
			isa = PBXGroup;
			children = (
				BAB41618195B137300C5583B /* libsndfile.a */,
			);
			path = osx;
			sourceTree = "<group>";
		};
		BAB4161D195B137300C5583B /* redist */ = {
			isa = PBXGroup;
			children = (
				BAB4161E195B137300C5583B /* libsndfile-1.dll */,
			);
			path = redist;
			sourceTree = "<group>";
		};
		BB4B014C10F69532006C3DED /* addons */ = {
			isa = PBXGroup;
			children = (
				BAB415B4195B137300C5583B /* ofxTimeline_small */,
				BAB414F0195B0B2A00C5583B /* ofxUI_small */,
				BA84D04E194B82B400C68A76 /* ofxNetwork */,
				BA9C3895193FCFE100539D60 /* ofxTextInputField */,
				BA9C3890193FCFE100539D60 /* ofxTimecode */,
				BA9C388B193FCFE100539D60 /* ofxMSATimer */,
				BA9C3888193FCFE100539D60 /* ofxRange */,
				BA9C385D193FCFE100539D60 /* ofxTween */,
				BA9C3850193FCFE100539D60 /* ofxXmlSettings */,
			);
			name = addons;
			sourceTree = "<group>";
		};
		BBAB23C913894ECA00AA2426 /* system frameworks */ = {
			isa = PBXGroup;
			children = (
				E778AED5163EF5AE003A40B1 /* OpenAL.framework */,
				E7F985F515E0DE99003869B5 /* Accelerate.framework */,
				E4C2424410CC5A17004149E2 /* AppKit.framework */,
				E4C2424510CC5A17004149E2 /* Cocoa.framework */,
				E4C2424610CC5A17004149E2 /* IOKit.framework */,
				E45BE9710E8CC7DD009D7055 /* AGL.framework */,
				E45BE9720E8CC7DD009D7055 /* ApplicationServices.framework */,
				E45BE9730E8CC7DD009D7055 /* AudioToolbox.framework */,
				E45BE9740E8CC7DD009D7055 /* Carbon.framework */,
				E45BE9750E8CC7DD009D7055 /* CoreAudio.framework */,
				E45BE9760E8CC7DD009D7055 /* CoreFoundation.framework */,
				E45BE9770E8CC7DD009D7055 /* CoreServices.framework */,
				E45BE9790E8CC7DD009D7055 /* OpenGL.framework */,
				E45BE97A0E8CC7DD009D7055 /* QuickTime.framework */,
				E7E077E415D3B63C0020DFD4 /* CoreVideo.framework */,
				E7E077E715D3B6510020DFD4 /* QTKit.framework */,
			);
			name = "system frameworks";
			sourceTree = "<group>";
		};
		BBAB23CA13894EDB00AA2426 /* 3rd party frameworks */ = {
			isa = PBXGroup;
			children = (
				BBAB23BE13894E4700AA2426 /* GLUT.framework */,
			);
			name = "3rd party frameworks";
			sourceTree = "<group>";
		};
		E4328144138ABC890047C5CB /* Products */ = {
			isa = PBXGroup;
			children = (
				E4328148138ABC890047C5CB /* openFrameworksDebug.a */,
			);
			name = Products;
			sourceTree = "<group>";
		};
		E45BE5980E8CC70C009D7055 /* frameworks */ = {
			isa = PBXGroup;
			children = (
				BBAB23CA13894EDB00AA2426 /* 3rd party frameworks */,
				BBAB23C913894ECA00AA2426 /* system frameworks */,
			);
			name = frameworks;
			sourceTree = "<group>";
		};
		E4B69B4A0A3A1720003C02F2 = {
			isa = PBXGroup;
			children = (
				BAB41694195B1CF900C5583B /* addons.make */,
				E4B6FCAD0C3E899E008CF71C /* openFrameworks-Info.plist */,
				E4EB6923138AFD0F00A09F29 /* Project.xcconfig */,
				E4B69E1C0A3A1BDC003C02F2 /* src */,
				E4EEC9E9138DF44700A80321 /* openFrameworks */,
				BB4B014C10F69532006C3DED /* addons */,
				E45BE5980E8CC70C009D7055 /* frameworks */,
				E4B69B5B0A3A1756003C02F2 /* POTUS_curvesDebug.app */,
			);
			sourceTree = "<group>";
		};
		E4B69E1C0A3A1BDC003C02F2 /* src */ = {
			isa = PBXGroup;
			children = (
				E4B69E1D0A3A1BDC003C02F2 /* main.cpp */,
				E4B69E1F0A3A1BDC003C02F2 /* testApp.h */,
				E4B69E1E0A3A1BDC003C02F2 /* testApp.cpp */,
			);
			path = src;
			sourceTree = SOURCE_ROOT;
		};
		E4EEC9E9138DF44700A80321 /* openFrameworks */ = {
			isa = PBXGroup;
			children = (
				E4EB691F138AFCF100A09F29 /* CoreOF.xcconfig */,
				E4328143138ABC890047C5CB /* openFrameworksLib.xcodeproj */,
			);
			name = openFrameworks;
			sourceTree = "<group>";
		};
/* End PBXGroup section */

/* Begin PBXNativeTarget section */
		E4B69B5A0A3A1756003C02F2 /* POTUS_curves */ = {
			isa = PBXNativeTarget;
			buildConfigurationList = E4B69B5F0A3A1757003C02F2 /* Build configuration list for PBXNativeTarget "POTUS_curves" */;
			buildPhases = (
				E4B69B580A3A1756003C02F2 /* Sources */,
				E4B69B590A3A1756003C02F2 /* Frameworks */,
				E4B6FFFD0C3F9AB9008CF71C /* ShellScript */,
				E4C2427710CC5ABF004149E2 /* CopyFiles */,
			);
			buildRules = (
			);
			dependencies = (
				E4EEB9AC138B136A00A80321 /* PBXTargetDependency */,
			);
			name = POTUS_curves;
			productName = myOFApp;
			productReference = E4B69B5B0A3A1756003C02F2 /* POTUS_curvesDebug.app */;
			productType = "com.apple.product-type.application";
		};
/* End PBXNativeTarget section */

/* Begin PBXProject section */
		E4B69B4C0A3A1720003C02F2 /* Project object */ = {
			isa = PBXProject;
			attributes = {
			};
			buildConfigurationList = E4B69B4D0A3A1720003C02F2 /* Build configuration list for PBXProject "POTUS_curves" */;
			compatibilityVersion = "Xcode 2.4";
			developmentRegion = English;
			hasScannedForEncodings = 0;
			knownRegions = (
				English,
				Japanese,
				French,
				German,
			);
			mainGroup = E4B69B4A0A3A1720003C02F2;
			productRefGroup = E4B69B4A0A3A1720003C02F2;
			projectDirPath = "";
			projectReferences = (
				{
					ProductGroup = E4328144138ABC890047C5CB /* Products */;
					ProjectRef = E4328143138ABC890047C5CB /* openFrameworksLib.xcodeproj */;
				},
			);
			projectRoot = "";
			targets = (
				E4B69B5A0A3A1756003C02F2 /* POTUS_curves */,
			);
		};
/* End PBXProject section */

/* Begin PBXReferenceProxy section */
		E4328148138ABC890047C5CB /* openFrameworksDebug.a */ = {
			isa = PBXReferenceProxy;
			fileType = archive.ar;
			path = openFrameworksDebug.a;
			remoteRef = E4328147138ABC890047C5CB /* PBXContainerItemProxy */;
			sourceTree = BUILT_PRODUCTS_DIR;
		};
/* End PBXReferenceProxy section */

/* Begin PBXShellScriptBuildPhase section */
		E4B6FFFD0C3F9AB9008CF71C /* ShellScript */ = {
			isa = PBXShellScriptBuildPhase;
			buildActionMask = 2147483647;
			files = (
			);
			inputPaths = (
			);
			outputPaths = (
			);
			runOnlyForDeploymentPostprocessing = 0;
			shellPath = /bin/sh;
			shellScript = "cp -f ../../../libs/fmodex/lib/osx/libfmodex.dylib \"$TARGET_BUILD_DIR/$PRODUCT_NAME.app/Contents/MacOS/libfmodex.dylib\"; install_name_tool -change ./libfmodex.dylib @executable_path/libfmodex.dylib \"$TARGET_BUILD_DIR/$PRODUCT_NAME.app/Contents/MacOS/$PRODUCT_NAME\";";
		};
/* End PBXShellScriptBuildPhase section */

/* Begin PBXSourcesBuildPhase section */
		E4B69B580A3A1756003C02F2 /* Sources */ = {
			isa = PBXSourcesBuildPhase;
			buildActionMask = 2147483647;
			files = (
				BAB41630195B137300C5583B /* ofxTLInOut.cpp in Sources */,
				BAB41562195B0B2A00C5583B /* ofxUILabelButton.cpp in Sources */,
				E4B69E200A3A1BDC003C02F2 /* main.cpp in Sources */,
				E4B69E210A3A1BDC003C02F2 /* testApp.cpp in Sources */,
				BAB41629195B137300C5583B /* ofxTLCurves.cpp in Sources */,
				BAB4155B195B0B2A00C5583B /* ofxUIFPSSlider.cpp in Sources */,
				BA9C387F193FCFE100539D60 /* ofxEasingCubic.cpp in Sources */,
				BA9C387D193FCFE100539D60 /* ofxEasingBounce.cpp in Sources */,
				BAB41555195B0B2A00C5583B /* ofxUICanvas.cpp in Sources */,
				BAB4157B195B0B2A00C5583B /* ofxUIWidgetWithLabel.cpp in Sources */,
				BAB41575195B0B2A00C5583B /* ofxUITextInput.cpp in Sources */,
				BAB4156E195B0B2A00C5583B /* ofxUISlider.cpp in Sources */,
				BAB4163D195B137300C5583B /* kiss_fftr.c in Sources */,
				BA9C385B193FCFE100539D60 /* tinyxmlerror.cpp in Sources */,
				BAB41570195B0B2A00C5583B /* ofxUISpacer.cpp in Sources */,
				BA84D05D194B82B400C68A76 /* ofxUDPManager.cpp in Sources */,
				BAB4161F195B137300C5583B /* ofxHotKeys_impl_linux.cpp in Sources */,
				BA9C3884193FCFE100539D60 /* ofxEasingQuart.cpp in Sources */,
				BAB41634195B137300C5583B /* ofxTLPageTabs.cpp in Sources */,
				BAB4163E195B137300C5583B /* ofOpenALSoundPlayer_TimelineAdditions.cpp in Sources */,
				BAB41554195B0B2A00C5583B /* ofxUIButton.cpp in Sources */,
				BA9C3881193FCFE100539D60 /* ofxEasingExpo.cpp in Sources */,
				BAB41563195B0B2A00C5583B /* ofxUILabelToggle.cpp in Sources */,
				BAB41576195B0B2A00C5583B /* ofxUIToggle.cpp in Sources */,
				BAB4162B195B137300C5583B /* ofxTLEmptyTrack.cpp in Sources */,
				BAB41553195B0B2A00C5583B /* ofxUIBiLabelSlider.cpp in Sources */,
				BAB4156D195B0B2A00C5583B /* ofxUIScrollableCanvas.cpp in Sources */,
				BAB41636195B137300C5583B /* ofxTLTicker.cpp in Sources */,
				BA9C387C193FCFE100539D60 /* ofxEasingBack.cpp in Sources */,
				BA9C385C193FCFE100539D60 /* tinyxmlparser.cpp in Sources */,
				BAB41637195B137300C5583B /* ofxTLTrack.cpp in Sources */,
				BAB4156B195B0B2A00C5583B /* ofxUIRectangle.cpp in Sources */,
				BAB41622195B137300C5583B /* ofxRemoveCocoaMenu.mm in Sources */,
				BAB4155A195B0B2A00C5583B /* ofxUIFPS.cpp in Sources */,
				BAB41577195B0B2A00C5583B /* ofxUIToggleMatrix.cpp in Sources */,
				BA9C3887193FCFE100539D60 /* ofxTween.cpp in Sources */,
				BAB4163B195B137300C5583B /* ofxTLZoomer.cpp in Sources */,
				BA84D05A194B82B400C68A76 /* ofxTCPClient.cpp in Sources */,
				BAB41557195B0B2A00C5583B /* ofxUIDragableLabelButton.cpp in Sources */,
				BA84D05B194B82B400C68A76 /* ofxTCPManager.cpp in Sources */,
				BA9C3880193FCFE100539D60 /* ofxEasingElastic.cpp in Sources */,
				BAB41635195B137300C5583B /* ofxTLSwitches.cpp in Sources */,
				BA9C3894193FCFE100539D60 /* ofxTimecode.cpp in Sources */,
				BAB4156F195B0B2A00C5583B /* ofxUISortableList.cpp in Sources */,
				BAB4162C195B137300C5583B /* ofxTLFlags.cpp in Sources */,
				BAB4163C195B137300C5583B /* kiss_fft.c in Sources */,
				BAB41633195B137300C5583B /* ofxTLPage.cpp in Sources */,
				BA9C385A193FCFE100539D60 /* tinyxml.cpp in Sources */,
				BAB41558195B0B2A00C5583B /* ofxUIDropDownList.cpp in Sources */,
				BAB41559195B0B2A00C5583B /* ofxUIEventArgs.cpp in Sources */,
				BA84D05C194B82B400C68A76 /* ofxTCPServer.cpp in Sources */,
				BAB41638195B137300C5583B /* ofxTLTrackHeader.cpp in Sources */,
				BAB41572195B0B2A00C5583B /* ofxUISuperCanvas.cpp in Sources */,
				BAB41625195B137300C5583B /* ofxTLBangs.cpp in Sources */,
				BAB41552195B0B2A00C5583B /* ofxUIBaseDraws.cpp in Sources */,
				BAB41574195B0B2A00C5583B /* ofxUITextArea.cpp in Sources */,
				BA9C3882193FCFE100539D60 /* ofxEasingLinear.cpp in Sources */,
				BA9C389A193FCFE100539D60 /* ofxTextInputField.cpp in Sources */,
				BA9C3883193FCFE100539D60 /* ofxEasingQuad.cpp in Sources */,
				BA9C3886193FCFE100539D60 /* ofxEasingSine.cpp in Sources */,
				BAB4157A195B0B2A00C5583B /* ofxUIWidget.cpp in Sources */,
				BAB41561195B0B2A00C5583B /* ofxUILabel.cpp in Sources */,
				BAB41564195B0B2A00C5583B /* ofxUIMinimalSlider.cpp in Sources */,
				BA9C387B193FCFE100539D60 /* ofxEasing.cpp in Sources */,
				BA9C3859193FCFE100539D60 /* ofxXmlSettings.cpp in Sources */,
				BAB41623195B137300C5583B /* ofxTimeline.cpp in Sources */,
				BAB4162A195B137300C5583B /* ofxTLEmptyKeyframes.cpp in Sources */,
				BAB41693195B1A3500C5583B /* ofxTLColors.cpp in Sources */,
				BA9C388F193FCFE100539D60 /* ofxMSATimer.cpp in Sources */,
				BA9C3885193FCFE100539D60 /* ofxEasingQuint.cpp in Sources */,
				BAB41621195B137300C5583B /* ofxHotKeys_impl_win.cpp in Sources */,
				BAB41573195B0B2A00C5583B /* ofxUITabBar.cpp in Sources */,
				BAB4156A195B0B2A00C5583B /* ofxUIRangeSlider.cpp in Sources */,
				BA9C387E193FCFE100539D60 /* ofxEasingCirc.cpp in Sources */,
				BAB41620195B137300C5583B /* ofxHotKeys_impl_mac.mm in Sources */,
				BAB41631195B137300C5583B /* ofxTLKeyframes.cpp in Sources */,
			);
			runOnlyForDeploymentPostprocessing = 0;
		};
/* End PBXSourcesBuildPhase section */

/* Begin PBXTargetDependency section */
		E4EEB9AC138B136A00A80321 /* PBXTargetDependency */ = {
			isa = PBXTargetDependency;
			name = openFrameworks;
			targetProxy = E4EEB9AB138B136A00A80321 /* PBXContainerItemProxy */;
		};
/* End PBXTargetDependency section */

/* Begin XCBuildConfiguration section */
		E4B69B4E0A3A1720003C02F2 /* Debug */ = {
			isa = XCBuildConfiguration;
			baseConfigurationReference = E4EB6923138AFD0F00A09F29 /* Project.xcconfig */;
			buildSettings = {
				ARCHS = "$(NATIVE_ARCH)";
				CONFIGURATION_BUILD_DIR = "$(SRCROOT)/bin/";
				COPY_PHASE_STRIP = NO;
				DEAD_CODE_STRIPPING = YES;
				GCC_AUTO_VECTORIZATION = YES;
				GCC_ENABLE_SSE3_EXTENSIONS = YES;
				GCC_ENABLE_SUPPLEMENTAL_SSE3_INSTRUCTIONS = YES;
				GCC_INLINES_ARE_PRIVATE_EXTERN = NO;
				GCC_OPTIMIZATION_LEVEL = 0;
				GCC_SYMBOLS_PRIVATE_EXTERN = NO;
				GCC_WARN_ABOUT_DEPRECATED_FUNCTIONS = YES;
				GCC_WARN_ABOUT_INVALID_OFFSETOF_MACRO = NO;
				GCC_WARN_ALLOW_INCOMPLETE_PROTOCOL = NO;
				GCC_WARN_UNINITIALIZED_AUTOS = NO;
				GCC_WARN_UNUSED_VALUE = NO;
				GCC_WARN_UNUSED_VARIABLE = NO;
				HEADER_SEARCH_PATHS = (
					"$(OF_CORE_HEADERS)",
					../../../addons/ofxXmlSettings/libs,
					../../../addons/ofxXmlSettings/src,
					../../../addons/ofxMSATimer/libs,
					../../../addons/ofxMSATimer/src,
					../../../addons/ofxRange/libs,
					../../../addons/ofxRange/src,
					../../../addons/ofxTextInputField/libs,
					../../../addons/ofxTextInputField/src,
					../../../addons/ofxTimecode/libs,
					../../../addons/ofxTimecode/src,
					../../../addons/ofxTimeline/libs,
					../../../addons/ofxTimeline/libs/kiss,
					../../../addons/ofxTimeline/libs/kiss/include,
					../../../addons/ofxTimeline/libs/kiss/lib,
					../../../addons/ofxTimeline/libs/kiss/src,
					../../../addons/ofxTimeline/libs/ofOpenALSoundPlayer_TimelineAdditions,
					../../../addons/ofxTimeline/libs/sndfile,
					../../../addons/ofxTimeline/libs/sndfile/include,
					../../../addons/ofxTimeline/libs/sndfile/include/AL,
					../../../addons/ofxTimeline/libs/sndfile/lib,
					../../../addons/ofxTimeline/libs/sndfile/lib/osx,
					../../../addons/ofxTimeline/libs/vorbis,
					../../../addons/ofxTimeline/libs/vorbis/lib,
					../../../addons/ofxTimeline/src,
					../../../addons/ofxTween/libs,
					../../../addons/ofxTween/src,
					../../../addons/ofxTween/src/Easings,
				);
				OTHER_CPLUSPLUSFLAGS = (
					"-D__MACOSX_CORE__",
					"-lpthread",
					"-mtune=native",
				);
				OTHER_LDFLAGS = (
					"$(OF_CORE_LIBS)",
					../../../addons/ofxTimeline/libs/sndfile/lib/osx/libsndfile.a,
				);
				SDKROOT = "";
			};
			name = Debug;
		};
		E4B69B4F0A3A1720003C02F2 /* Release */ = {
			isa = XCBuildConfiguration;
			baseConfigurationReference = E4EB6923138AFD0F00A09F29 /* Project.xcconfig */;
			buildSettings = {
				ARCHS = "$(NATIVE_ARCH)";
				CONFIGURATION_BUILD_DIR = "$(SRCROOT)/bin/";
				COPY_PHASE_STRIP = YES;
				DEAD_CODE_STRIPPING = YES;
				GCC_AUTO_VECTORIZATION = YES;
				GCC_ENABLE_SSE3_EXTENSIONS = YES;
				GCC_ENABLE_SUPPLEMENTAL_SSE3_INSTRUCTIONS = YES;
				GCC_INLINES_ARE_PRIVATE_EXTERN = NO;
				GCC_OPTIMIZATION_LEVEL = 3;
				GCC_SYMBOLS_PRIVATE_EXTERN = NO;
				GCC_UNROLL_LOOPS = YES;
				GCC_WARN_ABOUT_DEPRECATED_FUNCTIONS = YES;
				GCC_WARN_ABOUT_INVALID_OFFSETOF_MACRO = NO;
				GCC_WARN_ALLOW_INCOMPLETE_PROTOCOL = NO;
				GCC_WARN_UNINITIALIZED_AUTOS = NO;
				GCC_WARN_UNUSED_VALUE = NO;
				GCC_WARN_UNUSED_VARIABLE = NO;
				HEADER_SEARCH_PATHS = (
					"$(OF_CORE_HEADERS)",
					../../../addons/ofxXmlSettings/libs,
					../../../addons/ofxXmlSettings/src,
					../../../addons/ofxMSATimer/libs,
					../../../addons/ofxMSATimer/src,
					../../../addons/ofxRange/libs,
					../../../addons/ofxRange/src,
					../../../addons/ofxTextInputField/libs,
					../../../addons/ofxTextInputField/src,
					../../../addons/ofxTimecode/libs,
					../../../addons/ofxTimecode/src,
					../../../addons/ofxTimeline/libs,
					../../../addons/ofxTimeline/libs/kiss,
					../../../addons/ofxTimeline/libs/kiss/include,
					../../../addons/ofxTimeline/libs/kiss/lib,
					../../../addons/ofxTimeline/libs/kiss/src,
					../../../addons/ofxTimeline/libs/ofOpenALSoundPlayer_TimelineAdditions,
					../../../addons/ofxTimeline/libs/sndfile,
					../../../addons/ofxTimeline/libs/sndfile/include,
					../../../addons/ofxTimeline/libs/sndfile/include/AL,
					../../../addons/ofxTimeline/libs/sndfile/lib,
					../../../addons/ofxTimeline/libs/sndfile/lib/osx,
					../../../addons/ofxTimeline/libs/vorbis,
					../../../addons/ofxTimeline/libs/vorbis/lib,
					../../../addons/ofxTimeline/src,
					../../../addons/ofxTween/libs,
					../../../addons/ofxTween/src,
					../../../addons/ofxTween/src/Easings,
				);
				OTHER_CPLUSPLUSFLAGS = (
					"-D__MACOSX_CORE__",
					"-lpthread",
					"-mtune=native",
				);
				OTHER_LDFLAGS = (
					"$(OF_CORE_LIBS)",
					../../../addons/ofxTimeline/libs/sndfile/lib/osx/libsndfile.a,
				);
				SDKROOT = "";
			};
			name = Release;
		};
		E4B69B600A3A1757003C02F2 /* Debug */ = {
			isa = XCBuildConfiguration;
			buildSettings = {
				CLANG_CXX_LANGUAGE_STANDARD = "c++98";
				CLANG_CXX_LIBRARY = "libstdc++";
				COPY_PHASE_STRIP = NO;
				FRAMEWORK_SEARCH_PATHS = (
					"$(inherited)",
					"$(FRAMEWORK_SEARCH_PATHS_QUOTED_FOR_TARGET_1)",
				);
				FRAMEWORK_SEARCH_PATHS_QUOTED_FOR_TARGET_1 = "\"$(SRCROOT)/../../../libs/glut/lib/osx\"";
				GCC_DYNAMIC_NO_PIC = NO;
				GCC_ENABLE_FIX_AND_CONTINUE = YES;
				GCC_GENERATE_DEBUGGING_SYMBOLS = YES;
				GCC_MODEL_TUNING = NONE;
				GCC_PRECOMPILE_PREFIX_HEADER = YES;
				GCC_PREFIX_HEADER = "$(SYSTEM_LIBRARY_DIR)/Frameworks/Carbon.framework/Headers/Carbon.h";
				INFOPLIST_FILE = "openFrameworks-Info.plist";
				INSTALL_PATH = "$(HOME)/Applications";
				LIBRARY_SEARCH_PATHS = (
					"$(inherited)",
					"$(LIBRARY_SEARCH_PATHS_QUOTED_FOR_TARGET_1)",
					"$(LIBRARY_SEARCH_PATHS_QUOTED_FOR_TARGET_2)",
					"$(LIBRARY_SEARCH_PATHS_QUOTED_FOR_TARGET_3)",
					"$(LIBRARY_SEARCH_PATHS_QUOTED_FOR_TARGET_4)",
					"$(LIBRARY_SEARCH_PATHS_QUOTED_FOR_TARGET_5)",
					"$(LIBRARY_SEARCH_PATHS_QUOTED_FOR_TARGET_6)",
					"$(LIBRARY_SEARCH_PATHS_QUOTED_FOR_TARGET_7)",
					"$(LIBRARY_SEARCH_PATHS_QUOTED_FOR_TARGET_8)",
					"$(LIBRARY_SEARCH_PATHS_QUOTED_FOR_TARGET_9)",
					"$(LIBRARY_SEARCH_PATHS_QUOTED_FOR_TARGET_10)",
					"$(LIBRARY_SEARCH_PATHS_QUOTED_FOR_TARGET_11)",
					"$(LIBRARY_SEARCH_PATHS_QUOTED_FOR_TARGET_12)",
					"$(LIBRARY_SEARCH_PATHS_QUOTED_FOR_TARGET_13)",
					"$(LIBRARY_SEARCH_PATHS_QUOTED_FOR_TARGET_14)",
					"$(LIBRARY_SEARCH_PATHS_QUOTED_FOR_TARGET_15)",
					"$(LIBRARY_SEARCH_PATHS_QUOTED_FOR_TARGET_2)",
					"$(LIBRARY_SEARCH_PATHS_QUOTED_FOR_TARGET_3)",
					"$(LIBRARY_SEARCH_PATHS_QUOTED_FOR_TARGET_7)",
					"$(LIBRARY_SEARCH_PATHS_QUOTED_FOR_TARGET_8)",
					"$(LIBRARY_SEARCH_PATHS_QUOTED_FOR_TARGET_9)",
					"$(LIBRARY_SEARCH_PATHS_QUOTED_FOR_TARGET_10)",
					"$(LIBRARY_SEARCH_PATHS_QUOTED_FOR_TARGET_11)",
					"$(LIBRARY_SEARCH_PATHS_QUOTED_FOR_TARGET_12)",
					"$(LIBRARY_SEARCH_PATHS_QUOTED_FOR_TARGET_13)",
					"$(LIBRARY_SEARCH_PATHS_QUOTED_FOR_TARGET_16)",
					"$(LIBRARY_SEARCH_PATHS_QUOTED_FOR_TARGET_17)",
					"$(LIBRARY_SEARCH_PATHS_QUOTED_FOR_TARGET_18)",
					"$(LIBRARY_SEARCH_PATHS_QUOTED_FOR_TARGET_19)",
					"$(LIBRARY_SEARCH_PATHS_QUOTED_FOR_TARGET_20)",
					"$(LIBRARY_SEARCH_PATHS_QUOTED_FOR_TARGET_21)",
					"$(LIBRARY_SEARCH_PATHS_QUOTED_FOR_TARGET_22)",
					"$(LIBRARY_SEARCH_PATHS_QUOTED_FOR_TARGET_23)",
					"$(LIBRARY_SEARCH_PATHS_QUOTED_FOR_TARGET_24)",
					"$(LIBRARY_SEARCH_PATHS_QUOTED_FOR_TARGET_25)",
					"$(LIBRARY_SEARCH_PATHS_QUOTED_FOR_TARGET_26)",
					"$(LIBRARY_SEARCH_PATHS_QUOTED_FOR_TARGET_27)",
					"$(LIBRARY_SEARCH_PATHS_QUOTED_FOR_TARGET_28)",
					"$(LIBRARY_SEARCH_PATHS_QUOTED_FOR_TARGET_29)",
					"$(LIBRARY_SEARCH_PATHS_QUOTED_FOR_TARGET_30)",
					"$(LIBRARY_SEARCH_PATHS_QUOTED_FOR_TARGET_31)",
					"$(LIBRARY_SEARCH_PATHS_QUOTED_FOR_TARGET_32)",
					"$(LIBRARY_SEARCH_PATHS_QUOTED_FOR_TARGET_33)",
					"$(LIBRARY_SEARCH_PATHS_QUOTED_FOR_TARGET_34)",
					"$(LIBRARY_SEARCH_PATHS_QUOTED_FOR_TARGET_35)",
					"$(LIBRARY_SEARCH_PATHS_QUOTED_FOR_TARGET_36)",
					"$(LIBRARY_SEARCH_PATHS_QUOTED_FOR_TARGET_37)",
					"$(LIBRARY_SEARCH_PATHS_QUOTED_FOR_TARGET_38)",
					"$(LIBRARY_SEARCH_PATHS_QUOTED_FOR_TARGET_39)",
					"$(LIBRARY_SEARCH_PATHS_QUOTED_FOR_TARGET_40)",
					"$(LIBRARY_SEARCH_PATHS_QUOTED_FOR_TARGET_41)",
					"$(LIBRARY_SEARCH_PATHS_QUOTED_FOR_TARGET_42)",
					"$(LIBRARY_SEARCH_PATHS_QUOTED_FOR_TARGET_43)",
					"$(LIBRARY_SEARCH_PATHS_QUOTED_FOR_TARGET_44)",
					"$(LIBRARY_SEARCH_PATHS_QUOTED_FOR_TARGET_45)",
					"$(LIBRARY_SEARCH_PATHS_QUOTED_FOR_TARGET_46)",
					"$(LIBRARY_SEARCH_PATHS_QUOTED_FOR_TARGET_47)",
					"$(LIBRARY_SEARCH_PATHS_QUOTED_FOR_TARGET_48)",
					"$(LIBRARY_SEARCH_PATHS_QUOTED_FOR_TARGET_49)",
					"$(LIBRARY_SEARCH_PATHS_QUOTED_FOR_TARGET_50)",
					"$(LIBRARY_SEARCH_PATHS_QUOTED_FOR_TARGET_51)",
					"$(LIBRARY_SEARCH_PATHS_QUOTED_FOR_TARGET_52)",
					"/Users/jakobmarsico/Documents/of_v0.8.0_osx_release/addons/ofxTimeline/libs/openal/libs/vs2010/EFX-Util_MT",
					"/Users/jakobmarsico/Documents/of_v0.8.0_osx_release/addons/ofxTimeline/libs/openal/libs/vs2010/EFX-Util_MTDLL",
					/Users/jakobmarsico/Documents/of_v0.8.0_osx_release/addons/ofxTimeline/libs/openal/libs/vs2010,
					"/Users/jakobmarsico/Documents/of_v0.8.0_osx_release/addons/ofxTimeline/libs/openal/libs/win_cb/EFX-Util_MT",
					"/Users/jakobmarsico/Documents/of_v0.8.0_osx_release/addons/ofxTimeline/libs/openal/libs/win_cb/EFX-Util_MTDLL",
					/Users/jakobmarsico/Documents/of_v0.8.0_osx_release/addons/ofxTimeline/libs/openal/libs/win_cb,
					/Users/jakobmarsico/Documents/of_v0.8.0_osx_release/addons/ofxTimeline/libs/sndfile/lib/osx,
					"/Users/jakobmarsico/Documents/of_v0.8.0_osx_release/addons/ofxTimeline_small/libs/openal/libs/vs2010/EFX-Util_MT",
					"/Users/jakobmarsico/Documents/of_v0.8.0_osx_release/addons/ofxTimeline_small/libs/openal/libs/vs2010/EFX-Util_MTDLL",
					/Users/jakobmarsico/Documents/of_v0.8.0_osx_release/addons/ofxTimeline_small/libs/openal/libs/vs2010,
					"/Users/jakobmarsico/Documents/of_v0.8.0_osx_release/addons/ofxTimeline_small/libs/openal/libs/win_cb/EFX-Util_MT",
					"/Users/jakobmarsico/Documents/of_v0.8.0_osx_release/addons/ofxTimeline_small/libs/openal/libs/win_cb/EFX-Util_MTDLL",
					/Users/jakobmarsico/Documents/of_v0.8.0_osx_release/addons/ofxTimeline_small/libs/openal/libs/win_cb,
					/Users/jakobmarsico/Documents/of_v0.8.0_osx_release/addons/ofxTimeline_small/libs/sndfile/lib/osx,
				);
				PREBINDING = NO;
				PRODUCT_NAME = POTUS_curvesDebug;
				SDKROOT = macosx10.8;
				USER_HEADER_SEARCH_PATHS = "";
				WRAPPER_EXTENSION = app;
			};
			name = Debug;
		};
		E4B69B610A3A1757003C02F2 /* Release */ = {
			isa = XCBuildConfiguration;
			buildSettings = {
				CLANG_CXX_LANGUAGE_STANDARD = "c++98";
				CLANG_CXX_LIBRARY = "libstdc++";
				COPY_PHASE_STRIP = YES;
				FRAMEWORK_SEARCH_PATHS = (
					"$(inherited)",
					"$(FRAMEWORK_SEARCH_PATHS_QUOTED_FOR_TARGET_1)",
				);
				FRAMEWORK_SEARCH_PATHS_QUOTED_FOR_TARGET_1 = "\"$(SRCROOT)/../../../libs/glut/lib/osx\"";
				GCC_ENABLE_FIX_AND_CONTINUE = NO;
				GCC_GENERATE_DEBUGGING_SYMBOLS = YES;
				GCC_MODEL_TUNING = NONE;
				GCC_PRECOMPILE_PREFIX_HEADER = YES;
				GCC_PREFIX_HEADER = "$(SYSTEM_LIBRARY_DIR)/Frameworks/Carbon.framework/Headers/Carbon.h";
				INFOPLIST_FILE = "openFrameworks-Info.plist";
				INSTALL_PATH = "$(HOME)/Applications";
				LIBRARY_SEARCH_PATHS = (
					"$(inherited)",
					"$(LIBRARY_SEARCH_PATHS_QUOTED_FOR_TARGET_1)",
					"$(LIBRARY_SEARCH_PATHS_QUOTED_FOR_TARGET_2)",
					"$(LIBRARY_SEARCH_PATHS_QUOTED_FOR_TARGET_3)",
					"$(LIBRARY_SEARCH_PATHS_QUOTED_FOR_TARGET_4)",
					"$(LIBRARY_SEARCH_PATHS_QUOTED_FOR_TARGET_5)",
					"$(LIBRARY_SEARCH_PATHS_QUOTED_FOR_TARGET_6)",
					"$(LIBRARY_SEARCH_PATHS_QUOTED_FOR_TARGET_7)",
					"$(LIBRARY_SEARCH_PATHS_QUOTED_FOR_TARGET_8)",
					"$(LIBRARY_SEARCH_PATHS_QUOTED_FOR_TARGET_9)",
					"$(LIBRARY_SEARCH_PATHS_QUOTED_FOR_TARGET_10)",
					"$(LIBRARY_SEARCH_PATHS_QUOTED_FOR_TARGET_11)",
					"$(LIBRARY_SEARCH_PATHS_QUOTED_FOR_TARGET_12)",
					"$(LIBRARY_SEARCH_PATHS_QUOTED_FOR_TARGET_13)",
					"$(LIBRARY_SEARCH_PATHS_QUOTED_FOR_TARGET_14)",
					"$(LIBRARY_SEARCH_PATHS_QUOTED_FOR_TARGET_15)",
					"$(LIBRARY_SEARCH_PATHS_QUOTED_FOR_TARGET_2)",
					"$(LIBRARY_SEARCH_PATHS_QUOTED_1)",
					"$(LIBRARY_SEARCH_PATHS_QUOTED_FOR_TARGET_3)",
					"$(LIBRARY_SEARCH_PATHS_QUOTED_FOR_TARGET_7)",
					"$(LIBRARY_SEARCH_PATHS_QUOTED_FOR_TARGET_8)",
					"$(LIBRARY_SEARCH_PATHS_QUOTED_FOR_TARGET_9)",
					"$(LIBRARY_SEARCH_PATHS_QUOTED_FOR_TARGET_10)",
					"$(LIBRARY_SEARCH_PATHS_QUOTED_FOR_TARGET_11)",
					"$(LIBRARY_SEARCH_PATHS_QUOTED_FOR_TARGET_12)",
					"$(LIBRARY_SEARCH_PATHS_QUOTED_FOR_TARGET_13)",
					"$(LIBRARY_SEARCH_PATHS_QUOTED_FOR_TARGET_16)",
					"$(LIBRARY_SEARCH_PATHS_QUOTED_FOR_TARGET_17)",
					"$(LIBRARY_SEARCH_PATHS_QUOTED_FOR_TARGET_18)",
					"$(LIBRARY_SEARCH_PATHS_QUOTED_FOR_TARGET_19)",
					"$(LIBRARY_SEARCH_PATHS_QUOTED_FOR_TARGET_20)",
					"$(LIBRARY_SEARCH_PATHS_QUOTED_FOR_TARGET_21)",
					"$(LIBRARY_SEARCH_PATHS_QUOTED_FOR_TARGET_22)",
					"$(LIBRARY_SEARCH_PATHS_QUOTED_FOR_TARGET_23)",
					"$(LIBRARY_SEARCH_PATHS_QUOTED_FOR_TARGET_24)",
					"$(LIBRARY_SEARCH_PATHS_QUOTED_FOR_TARGET_25)",
					"$(LIBRARY_SEARCH_PATHS_QUOTED_FOR_TARGET_26)",
					"$(LIBRARY_SEARCH_PATHS_QUOTED_FOR_TARGET_27)",
					"$(LIBRARY_SEARCH_PATHS_QUOTED_FOR_TARGET_28)",
					"$(LIBRARY_SEARCH_PATHS_QUOTED_FOR_TARGET_29)",
					"$(LIBRARY_SEARCH_PATHS_QUOTED_FOR_TARGET_30)",
					"$(LIBRARY_SEARCH_PATHS_QUOTED_FOR_TARGET_31)",
					"$(LIBRARY_SEARCH_PATHS_QUOTED_FOR_TARGET_32)",
					"$(LIBRARY_SEARCH_PATHS_QUOTED_FOR_TARGET_33)",
					"$(LIBRARY_SEARCH_PATHS_QUOTED_FOR_TARGET_34)",
					"$(LIBRARY_SEARCH_PATHS_QUOTED_FOR_TARGET_35)",
					"$(LIBRARY_SEARCH_PATHS_QUOTED_FOR_TARGET_36)",
					"$(LIBRARY_SEARCH_PATHS_QUOTED_FOR_TARGET_37)",
					"$(LIBRARY_SEARCH_PATHS_QUOTED_FOR_TARGET_38)",
					"$(LIBRARY_SEARCH_PATHS_QUOTED_FOR_TARGET_39)",
					"$(LIBRARY_SEARCH_PATHS_QUOTED_FOR_TARGET_40)",
					"$(LIBRARY_SEARCH_PATHS_QUOTED_FOR_TARGET_41)",
					"$(LIBRARY_SEARCH_PATHS_QUOTED_FOR_TARGET_42)",
					"$(LIBRARY_SEARCH_PATHS_QUOTED_FOR_TARGET_43)",
					"$(LIBRARY_SEARCH_PATHS_QUOTED_FOR_TARGET_44)",
					"$(LIBRARY_SEARCH_PATHS_QUOTED_FOR_TARGET_45)",
					"$(LIBRARY_SEARCH_PATHS_QUOTED_FOR_TARGET_46)",
					"$(LIBRARY_SEARCH_PATHS_QUOTED_FOR_TARGET_47)",
					"$(LIBRARY_SEARCH_PATHS_QUOTED_FOR_TARGET_48)",
					"$(LIBRARY_SEARCH_PATHS_QUOTED_FOR_TARGET_49)",
					"$(LIBRARY_SEARCH_PATHS_QUOTED_FOR_TARGET_50)",
					"$(LIBRARY_SEARCH_PATHS_QUOTED_FOR_TARGET_51)",
					"/Users/jakobmarsico/Documents/of_v0.8.0_osx_release/addons/ofxTimeline/libs/openal/libs/vs2010/EFX-Util_MT",
					"/Users/jakobmarsico/Documents/of_v0.8.0_osx_release/addons/ofxTimeline/libs/openal/libs/vs2010/EFX-Util_MTDLL",
					/Users/jakobmarsico/Documents/of_v0.8.0_osx_release/addons/ofxTimeline/libs/openal/libs/vs2010,
					"/Users/jakobmarsico/Documents/of_v0.8.0_osx_release/addons/ofxTimeline/libs/openal/libs/win_cb/EFX-Util_MT",
					"/Users/jakobmarsico/Documents/of_v0.8.0_osx_release/addons/ofxTimeline/libs/openal/libs/win_cb/EFX-Util_MTDLL",
					/Users/jakobmarsico/Documents/of_v0.8.0_osx_release/addons/ofxTimeline/libs/openal/libs/win_cb,
					/Users/jakobmarsico/Documents/of_v0.8.0_osx_release/addons/ofxTimeline/libs/sndfile/lib/osx,
					"/Users/jakobmarsico/Documents/of_v0.8.0_osx_release/addons/ofxTimeline_small/libs/openal/libs/vs2010/EFX-Util_MT",
					"/Users/jakobmarsico/Documents/of_v0.8.0_osx_release/addons/ofxTimeline_small/libs/openal/libs/vs2010/EFX-Util_MTDLL",
					/Users/jakobmarsico/Documents/of_v0.8.0_osx_release/addons/ofxTimeline_small/libs/openal/libs/vs2010,
					"/Users/jakobmarsico/Documents/of_v0.8.0_osx_release/addons/ofxTimeline_small/libs/openal/libs/win_cb/EFX-Util_MT",
					"/Users/jakobmarsico/Documents/of_v0.8.0_osx_release/addons/ofxTimeline_small/libs/openal/libs/win_cb/EFX-Util_MTDLL",
					/Users/jakobmarsico/Documents/of_v0.8.0_osx_release/addons/ofxTimeline_small/libs/openal/libs/win_cb,
					/Users/jakobmarsico/Documents/of_v0.8.0_osx_release/addons/ofxTimeline_small/libs/sndfile/lib/osx,
				);
				PREBINDING = NO;
				PRODUCT_NAME = POTUS_curves;
				SDKROOT = macosx10.8;
				USER_HEADER_SEARCH_PATHS = "";
				WRAPPER_EXTENSION = app;
			};
			name = Release;
		};
/* End XCBuildConfiguration section */

/* Begin XCConfigurationList section */
		E4B69B4D0A3A1720003C02F2 /* Build configuration list for PBXProject "POTUS_curves" */ = {
			isa = XCConfigurationList;
			buildConfigurations = (
				E4B69B4E0A3A1720003C02F2 /* Debug */,
				E4B69B4F0A3A1720003C02F2 /* Release */,
			);
			defaultConfigurationIsVisible = 0;
			defaultConfigurationName = Release;
		};
		E4B69B5F0A3A1757003C02F2 /* Build configuration list for PBXNativeTarget "POTUS_curves" */ = {
			isa = XCConfigurationList;
			buildConfigurations = (
				E4B69B600A3A1757003C02F2 /* Debug */,
				E4B69B610A3A1757003C02F2 /* Release */,
			);
			defaultConfigurationIsVisible = 0;
			defaultConfigurationName = Release;
		};
/* End XCConfigurationList section */
	};
	rootObject = E4B69B4C0A3A1720003C02F2 /* Project object */;
}
